// !$*UTF8*$!
{
	archiveVersion = 1;
	classes = {
	};
	objectVersion = 52;
	objects = {

/* Begin PBXBuildFile section */
		1C0C7DA224D56DEE001ADC93 /* FeedImageDataLoader.swift in Sources */ = {isa = PBXBuildFile; fileRef = 1C0C7DA124D56DEE001ADC93 /* FeedImageDataLoader.swift */; };
		1C3639A424C09211006B3FDB /* EssentialFeediOS.framework in Frameworks */ = {isa = PBXBuildFile; fileRef = 1C36399B24C09210006B3FDB /* EssentialFeediOS.framework */; };
		1C41711B24D996A700AEAC1D /* FeedImageCellController.swift in Sources */ = {isa = PBXBuildFile; fileRef = 1C41711A24D996A700AEAC1D /* FeedImageCellController.swift */; };
		1C41711D24D996F600AEAC1D /* FeedRefreshViewController.swift in Sources */ = {isa = PBXBuildFile; fileRef = 1C41711C24D996F600AEAC1D /* FeedRefreshViewController.swift */; };
		1C840FE424C98CF700E55BA9 /* FeedViewControllerTests.swift in Sources */ = {isa = PBXBuildFile; fileRef = 1C840FE324C98CF700E55BA9 /* FeedViewControllerTests.swift */; };
		1C840FEB24C99C2800E55BA9 /* EssentialFeed.framework in Frameworks */ = {isa = PBXBuildFile; fileRef = D59D36362433305800998793 /* EssentialFeed.framework */; platformFilter = ios; };
		1C840FEC24C99C2800E55BA9 /* EssentialFeed.framework in Embed Frameworks */ = {isa = PBXBuildFile; fileRef = D59D36362433305800998793 /* EssentialFeed.framework */; platformFilter = ios; settings = {ATTRIBUTES = (CodeSignOnCopy, RemoveHeadersOnCopy, ); }; };
		1C840FF024C99E0F00E55BA9 /* XCTestCase+MemoryLeakTracking.swift in Sources */ = {isa = PBXBuildFile; fileRef = D59ECD2624518A1800A2BC70 /* XCTestCase+MemoryLeakTracking.swift */; };
		1C840FF224C9C49B00E55BA9 /* FeedViewController.swift in Sources */ = {isa = PBXBuildFile; fileRef = 1C840FF124C9C49B00E55BA9 /* FeedViewController.swift */; };
		1CA0107924CC15FF007E7DAF /* FeedImageCell.swift in Sources */ = {isa = PBXBuildFile; fileRef = 1CA0107824CC15FF007E7DAF /* FeedImageCell.swift */; };
		1CA0107B24CD837C007E7DAF /* UIView+Shimmering.swift in Sources */ = {isa = PBXBuildFile; fileRef = 1CA0107A24CD837C007E7DAF /* UIView+Shimmering.swift */; };
		D546CE2F2487B1480088AD1A /* EssentialFeedCacheIntegrationTests.swift in Sources */ = {isa = PBXBuildFile; fileRef = D546CE2E2487B1480088AD1A /* EssentialFeedCacheIntegrationTests.swift */; };
		D546CE312487B1480088AD1A /* EssentialFeed.framework in Frameworks */ = {isa = PBXBuildFile; fileRef = D59D36362433305800998793 /* EssentialFeed.framework */; };
		D546CE372487BE0B0088AD1A /* XCTestCase+MemoryLeakTracking.swift in Sources */ = {isa = PBXBuildFile; fileRef = D59ECD2624518A1800A2BC70 /* XCTestCase+MemoryLeakTracking.swift */; };
		D57EA74E248B147B004D6E41 /* FeedCacheTestHelpers.swift in Sources */ = {isa = PBXBuildFile; fileRef = D59F1AA12466390B00364BF0 /* FeedCacheTestHelpers.swift */; };
		D57EA74F248B1482004D6E41 /* SharedTestHelpers.swift in Sources */ = {isa = PBXBuildFile; fileRef = D59F1AA324663A7100364BF0 /* SharedTestHelpers.swift */; };
		D57F9F67247A7E990068C81B /* CoreDataFeedStoreTests.swift in Sources */ = {isa = PBXBuildFile; fileRef = D57F9F66247A7E990068C81B /* CoreDataFeedStoreTests.swift */; };
		D57F9F6A247A91B70068C81B /* FeedStore.xcdatamodeld in Sources */ = {isa = PBXBuildFile; fileRef = D57F9F68247A91B70068C81B /* FeedStore.xcdatamodeld */; };
		D57F9F74247B47B10068C81B /* CoreDataFeedStore.swift in Sources */ = {isa = PBXBuildFile; fileRef = D57F9F73247B47B10068C81B /* CoreDataFeedStore.swift */; };
		D5888F01245820A100B53638 /* LocalFeedLoader.swift in Sources */ = {isa = PBXBuildFile; fileRef = D5888F00245820A100B53638 /* LocalFeedLoader.swift */; };
		D5888F032458215200B53638 /* FeedStore.swift in Sources */ = {isa = PBXBuildFile; fileRef = D5888F022458215200B53638 /* FeedStore.swift */; };
		D5888F052458570900B53638 /* RemoteFeedItem.swift in Sources */ = {isa = PBXBuildFile; fileRef = D5888F042458570900B53638 /* RemoteFeedItem.swift */; };
		D5888F072458576A00B53638 /* LocalFeedImage.swift in Sources */ = {isa = PBXBuildFile; fileRef = D5888F062458576A00B53638 /* LocalFeedImage.swift */; };
		D5890F7D244AFEDF00B37654 /* HTTPClient.swift in Sources */ = {isa = PBXBuildFile; fileRef = D5890F7C244AFEDF00B37654 /* HTTPClient.swift */; };
		D5890F7F244AFFB600B37654 /* FeedItemsMapper.swift in Sources */ = {isa = PBXBuildFile; fileRef = D5890F7E244AFFB600B37654 /* FeedItemsMapper.swift */; };
		D58BF0FA247F78900031DA8C /* CoreDataHelpers.swift in Sources */ = {isa = PBXBuildFile; fileRef = D58BF0F9247F78900031DA8C /* CoreDataHelpers.swift */; };
		D58BF0FC247F799B0031DA8C /* ManagedCache.swift in Sources */ = {isa = PBXBuildFile; fileRef = D58BF0FB247F799B0031DA8C /* ManagedCache.swift */; };
		D58BF0FE247F7A620031DA8C /* ManagedFeedImage.swift in Sources */ = {isa = PBXBuildFile; fileRef = D58BF0FD247F7A620031DA8C /* ManagedFeedImage.swift */; };
		D59637282470039300D1FDB5 /* FeedStoreSpecs.swift in Sources */ = {isa = PBXBuildFile; fileRef = D59637272470039300D1FDB5 /* FeedStoreSpecs.swift */; };
		D596372A2470049900D1FDB5 /* XCTestCase+FeedStoreSpecs.swift in Sources */ = {isa = PBXBuildFile; fileRef = D59637292470049900D1FDB5 /* XCTestCase+FeedStoreSpecs.swift */; };
		D596372C24702A4C00D1FDB5 /* XCTestCase+FailableRetrieveFeedStoreSpecs.swift in Sources */ = {isa = PBXBuildFile; fileRef = D596372B24702A4C00D1FDB5 /* XCTestCase+FailableRetrieveFeedStoreSpecs.swift */; };
		D596372E24702AB200D1FDB5 /* XCTestCase+FailableInsertFeedStoreSpecs.swift in Sources */ = {isa = PBXBuildFile; fileRef = D596372D24702AB200D1FDB5 /* XCTestCase+FailableInsertFeedStoreSpecs.swift */; };
		D596373024702DE300D1FDB5 /* XCTestCase+FailableDeleteFeedStoreSpecs.swift in Sources */ = {isa = PBXBuildFile; fileRef = D596372F24702DE300D1FDB5 /* XCTestCase+FailableDeleteFeedStoreSpecs.swift */; };
		D59D36402433305800998793 /* EssentialFeed.framework in Frameworks */ = {isa = PBXBuildFile; fileRef = D59D36362433305800998793 /* EssentialFeed.framework */; };
		D59D36472433305800998793 /* EssentialFeed.h in Headers */ = {isa = PBXBuildFile; fileRef = D59D36392433305800998793 /* EssentialFeed.h */; settings = {ATTRIBUTES = (Public, ); }; };
		D59D36512433309600998793 /* FeedImage.swift in Sources */ = {isa = PBXBuildFile; fileRef = D59D36502433309600998793 /* FeedImage.swift */; };
		D59D36552433326700998793 /* FeedLoader.swift in Sources */ = {isa = PBXBuildFile; fileRef = D59D36542433326700998793 /* FeedLoader.swift */; };
		D59D365824335C9F00998793 /* LoadFeedFromRemoteUseCaseTests.swift in Sources */ = {isa = PBXBuildFile; fileRef = D59D365724335C9F00998793 /* LoadFeedFromRemoteUseCaseTests.swift */; };
		D59D365B24346E1800998793 /* RemoteFeedLoader.swift in Sources */ = {isa = PBXBuildFile; fileRef = D59D365A24346E1800998793 /* RemoteFeedLoader.swift */; };
		D59ECD242450306C00A2BC70 /* URLSessionHTTPClientTests.swift in Sources */ = {isa = PBXBuildFile; fileRef = D59ECD232450306C00A2BC70 /* URLSessionHTTPClientTests.swift */; };
		D59ECD2724518A1800A2BC70 /* XCTestCase+MemoryLeakTracking.swift in Sources */ = {isa = PBXBuildFile; fileRef = D59ECD2624518A1800A2BC70 /* XCTestCase+MemoryLeakTracking.swift */; };
		D59ECD2924530A3700A2BC70 /* URLSessionHTTPClient.swift in Sources */ = {isa = PBXBuildFile; fileRef = D59ECD2824530A3700A2BC70 /* URLSessionHTTPClient.swift */; };
		D59ECD3124540A1700A2BC70 /* EssentialFeedAPIEndToEndTests.swift in Sources */ = {isa = PBXBuildFile; fileRef = D59ECD3024540A1700A2BC70 /* EssentialFeedAPIEndToEndTests.swift */; };
		D59ECD3324540A1700A2BC70 /* EssentialFeed.framework in Frameworks */ = {isa = PBXBuildFile; fileRef = D59D36362433305800998793 /* EssentialFeed.framework */; };
		D59ECD3924541C7600A2BC70 /* XCTestCase+MemoryLeakTracking.swift in Sources */ = {isa = PBXBuildFile; fileRef = D59ECD2624518A1800A2BC70 /* XCTestCase+MemoryLeakTracking.swift */; };
		D59F1AA0246633DA00364BF0 /* ValidateFeedCacheUseCaseTests.swift in Sources */ = {isa = PBXBuildFile; fileRef = D59F1A9F246633DA00364BF0 /* ValidateFeedCacheUseCaseTests.swift */; };
		D59F1AA22466390B00364BF0 /* FeedCacheTestHelpers.swift in Sources */ = {isa = PBXBuildFile; fileRef = D59F1AA12466390B00364BF0 /* FeedCacheTestHelpers.swift */; };
		D59F1AA424663A7100364BF0 /* SharedTestHelpers.swift in Sources */ = {isa = PBXBuildFile; fileRef = D59F1AA324663A7100364BF0 /* SharedTestHelpers.swift */; };
		D59F1AA82467AA3900364BF0 /* FeedCachePolicy.swift in Sources */ = {isa = PBXBuildFile; fileRef = D59F1AA72467AA3900364BF0 /* FeedCachePolicy.swift */; };
		D59F764424587B76009983A4 /* LoadFeedFromCacheUseCaseTests.swift in Sources */ = {isa = PBXBuildFile; fileRef = D59F764324587B76009983A4 /* LoadFeedFromCacheUseCaseTests.swift */; };
		D59F764724587CB9009983A4 /* FeedStoreSpy.swift in Sources */ = {isa = PBXBuildFile; fileRef = D59F764624587CB9009983A4 /* FeedStoreSpy.swift */; };
		D5E9A528245709FE000493E8 /* CacheFeedUseCaseTests.swift in Sources */ = {isa = PBXBuildFile; fileRef = D5E9A527245709FE000493E8 /* CacheFeedUseCaseTests.swift */; };
/* End PBXBuildFile section */

/* Begin PBXContainerItemProxy section */
		1C3639A524C09211006B3FDB /* PBXContainerItemProxy */ = {
			isa = PBXContainerItemProxy;
			containerPortal = D59D362D2433305800998793 /* Project object */;
			proxyType = 1;
			remoteGlobalIDString = 1C36399A24C09210006B3FDB;
			remoteInfo = EssentialFeediOS;
		};
		1C840FED24C99C2800E55BA9 /* PBXContainerItemProxy */ = {
			isa = PBXContainerItemProxy;
			containerPortal = D59D362D2433305800998793 /* Project object */;
			proxyType = 1;
			remoteGlobalIDString = D59D36352433305800998793;
			remoteInfo = EssentialFeed;
		};
		D546CE322487B1480088AD1A /* PBXContainerItemProxy */ = {
			isa = PBXContainerItemProxy;
			containerPortal = D59D362D2433305800998793 /* Project object */;
			proxyType = 1;
			remoteGlobalIDString = D59D36352433305800998793;
			remoteInfo = EssentialFeed;
		};
		D59D36412433305800998793 /* PBXContainerItemProxy */ = {
			isa = PBXContainerItemProxy;
			containerPortal = D59D362D2433305800998793 /* Project object */;
			proxyType = 1;
			remoteGlobalIDString = D59D36352433305800998793;
			remoteInfo = EssentialFeed;
		};
		D59ECD3424540A1700A2BC70 /* PBXContainerItemProxy */ = {
			isa = PBXContainerItemProxy;
			containerPortal = D59D362D2433305800998793 /* Project object */;
			proxyType = 1;
			remoteGlobalIDString = D59D36352433305800998793;
			remoteInfo = EssentialFeed;
		};
/* End PBXContainerItemProxy section */

/* Begin PBXCopyFilesBuildPhase section */
		1C840FEF24C99C2800E55BA9 /* Embed Frameworks */ = {
			isa = PBXCopyFilesBuildPhase;
			buildActionMask = 2147483647;
			dstPath = "";
			dstSubfolderSpec = 10;
			files = (
				1C840FEC24C99C2800E55BA9 /* EssentialFeed.framework in Embed Frameworks */,
			);
			name = "Embed Frameworks";
			runOnlyForDeploymentPostprocessing = 0;
		};
/* End PBXCopyFilesBuildPhase section */

/* Begin PBXFileReference section */
		1C0C7DA124D56DEE001ADC93 /* FeedImageDataLoader.swift */ = {isa = PBXFileReference; lastKnownFileType = sourcecode.swift; path = FeedImageDataLoader.swift; sourceTree = "<group>"; };
		1C36399B24C09210006B3FDB /* EssentialFeediOS.framework */ = {isa = PBXFileReference; explicitFileType = wrapper.framework; includeInIndex = 0; path = EssentialFeediOS.framework; sourceTree = BUILT_PRODUCTS_DIR; };
		1C36399E24C09211006B3FDB /* Info.plist */ = {isa = PBXFileReference; lastKnownFileType = text.plist.xml; path = Info.plist; sourceTree = "<group>"; };
		1C3639A324C09211006B3FDB /* EssentialFeediOSTests.xctest */ = {isa = PBXFileReference; explicitFileType = wrapper.cfbundle; includeInIndex = 0; path = EssentialFeediOSTests.xctest; sourceTree = BUILT_PRODUCTS_DIR; };
		1C3639AA24C09211006B3FDB /* Info.plist */ = {isa = PBXFileReference; lastKnownFileType = text.plist.xml; path = Info.plist; sourceTree = "<group>"; };
		1C41711A24D996A700AEAC1D /* FeedImageCellController.swift */ = {isa = PBXFileReference; lastKnownFileType = sourcecode.swift; path = FeedImageCellController.swift; sourceTree = "<group>"; };
		1C41711C24D996F600AEAC1D /* FeedRefreshViewController.swift */ = {isa = PBXFileReference; lastKnownFileType = sourcecode.swift; path = FeedRefreshViewController.swift; sourceTree = "<group>"; };
		1C840FE324C98CF700E55BA9 /* FeedViewControllerTests.swift */ = {isa = PBXFileReference; lastKnownFileType = sourcecode.swift; path = FeedViewControllerTests.swift; sourceTree = "<group>"; };
		1C840FF124C9C49B00E55BA9 /* FeedViewController.swift */ = {isa = PBXFileReference; lastKnownFileType = sourcecode.swift; path = FeedViewController.swift; sourceTree = "<group>"; };
		1CA0107824CC15FF007E7DAF /* FeedImageCell.swift */ = {isa = PBXFileReference; lastKnownFileType = sourcecode.swift; path = FeedImageCell.swift; sourceTree = "<group>"; };
		1CA0107A24CD837C007E7DAF /* UIView+Shimmering.swift */ = {isa = PBXFileReference; lastKnownFileType = sourcecode.swift; path = "UIView+Shimmering.swift"; sourceTree = "<group>"; };
		D546CE2C2487B1480088AD1A /* EssentialFeedCacheIntegrationTests.xctest */ = {isa = PBXFileReference; explicitFileType = wrapper.cfbundle; includeInIndex = 0; path = EssentialFeedCacheIntegrationTests.xctest; sourceTree = BUILT_PRODUCTS_DIR; };
		D546CE2E2487B1480088AD1A /* EssentialFeedCacheIntegrationTests.swift */ = {isa = PBXFileReference; lastKnownFileType = sourcecode.swift; path = EssentialFeedCacheIntegrationTests.swift; sourceTree = "<group>"; };
		D546CE302487B1480088AD1A /* Info.plist */ = {isa = PBXFileReference; lastKnownFileType = text.plist.xml; path = Info.plist; sourceTree = "<group>"; };
		D57F9F66247A7E990068C81B /* CoreDataFeedStoreTests.swift */ = {isa = PBXFileReference; lastKnownFileType = sourcecode.swift; path = CoreDataFeedStoreTests.swift; sourceTree = "<group>"; };
		D57F9F69247A91B70068C81B /* FeedStore.xcdatamodel */ = {isa = PBXFileReference; lastKnownFileType = wrapper.xcdatamodel; path = FeedStore.xcdatamodel; sourceTree = "<group>"; };
		D57F9F73247B47B10068C81B /* CoreDataFeedStore.swift */ = {isa = PBXFileReference; lastKnownFileType = sourcecode.swift; path = CoreDataFeedStore.swift; sourceTree = "<group>"; };
		D5888F00245820A100B53638 /* LocalFeedLoader.swift */ = {isa = PBXFileReference; lastKnownFileType = sourcecode.swift; path = LocalFeedLoader.swift; sourceTree = "<group>"; };
		D5888F022458215200B53638 /* FeedStore.swift */ = {isa = PBXFileReference; lastKnownFileType = sourcecode.swift; path = FeedStore.swift; sourceTree = "<group>"; };
		D5888F042458570900B53638 /* RemoteFeedItem.swift */ = {isa = PBXFileReference; lastKnownFileType = sourcecode.swift; path = RemoteFeedItem.swift; sourceTree = "<group>"; };
		D5888F062458576A00B53638 /* LocalFeedImage.swift */ = {isa = PBXFileReference; lastKnownFileType = sourcecode.swift; path = LocalFeedImage.swift; sourceTree = "<group>"; };
		D5890F7C244AFEDF00B37654 /* HTTPClient.swift */ = {isa = PBXFileReference; lastKnownFileType = sourcecode.swift; path = HTTPClient.swift; sourceTree = "<group>"; };
		D5890F7E244AFFB600B37654 /* FeedItemsMapper.swift */ = {isa = PBXFileReference; lastKnownFileType = sourcecode.swift; path = FeedItemsMapper.swift; sourceTree = "<group>"; };
		D58BF0F9247F78900031DA8C /* CoreDataHelpers.swift */ = {isa = PBXFileReference; lastKnownFileType = sourcecode.swift; path = CoreDataHelpers.swift; sourceTree = "<group>"; };
		D58BF0FB247F799B0031DA8C /* ManagedCache.swift */ = {isa = PBXFileReference; lastKnownFileType = sourcecode.swift; path = ManagedCache.swift; sourceTree = "<group>"; };
		D58BF0FD247F7A620031DA8C /* ManagedFeedImage.swift */ = {isa = PBXFileReference; lastKnownFileType = sourcecode.swift; path = ManagedFeedImage.swift; sourceTree = "<group>"; };
		D59637272470039300D1FDB5 /* FeedStoreSpecs.swift */ = {isa = PBXFileReference; lastKnownFileType = sourcecode.swift; path = FeedStoreSpecs.swift; sourceTree = "<group>"; };
		D59637292470049900D1FDB5 /* XCTestCase+FeedStoreSpecs.swift */ = {isa = PBXFileReference; lastKnownFileType = sourcecode.swift; path = "XCTestCase+FeedStoreSpecs.swift"; sourceTree = "<group>"; };
		D596372B24702A4C00D1FDB5 /* XCTestCase+FailableRetrieveFeedStoreSpecs.swift */ = {isa = PBXFileReference; lastKnownFileType = sourcecode.swift; path = "XCTestCase+FailableRetrieveFeedStoreSpecs.swift"; sourceTree = "<group>"; };
		D596372D24702AB200D1FDB5 /* XCTestCase+FailableInsertFeedStoreSpecs.swift */ = {isa = PBXFileReference; lastKnownFileType = sourcecode.swift; path = "XCTestCase+FailableInsertFeedStoreSpecs.swift"; sourceTree = "<group>"; };
		D596372F24702DE300D1FDB5 /* XCTestCase+FailableDeleteFeedStoreSpecs.swift */ = {isa = PBXFileReference; lastKnownFileType = sourcecode.swift; path = "XCTestCase+FailableDeleteFeedStoreSpecs.swift"; sourceTree = "<group>"; };
		D59D36362433305800998793 /* EssentialFeed.framework */ = {isa = PBXFileReference; explicitFileType = wrapper.framework; includeInIndex = 0; path = EssentialFeed.framework; sourceTree = BUILT_PRODUCTS_DIR; };
		D59D36392433305800998793 /* EssentialFeed.h */ = {isa = PBXFileReference; lastKnownFileType = sourcecode.c.h; path = EssentialFeed.h; sourceTree = "<group>"; };
		D59D363A2433305800998793 /* Info.plist */ = {isa = PBXFileReference; lastKnownFileType = text.plist.xml; path = Info.plist; sourceTree = "<group>"; };
		D59D363F2433305800998793 /* EssentialFeedTests.xctest */ = {isa = PBXFileReference; explicitFileType = wrapper.cfbundle; includeInIndex = 0; path = EssentialFeedTests.xctest; sourceTree = BUILT_PRODUCTS_DIR; };
		D59D36462433305800998793 /* Info.plist */ = {isa = PBXFileReference; lastKnownFileType = text.plist.xml; path = Info.plist; sourceTree = "<group>"; };
		D59D36502433309600998793 /* FeedImage.swift */ = {isa = PBXFileReference; lastKnownFileType = sourcecode.swift; path = FeedImage.swift; sourceTree = "<group>"; };
		D59D36542433326700998793 /* FeedLoader.swift */ = {isa = PBXFileReference; lastKnownFileType = sourcecode.swift; path = FeedLoader.swift; sourceTree = "<group>"; };
		D59D365724335C9F00998793 /* LoadFeedFromRemoteUseCaseTests.swift */ = {isa = PBXFileReference; lastKnownFileType = sourcecode.swift; path = LoadFeedFromRemoteUseCaseTests.swift; sourceTree = "<group>"; };
		D59D365A24346E1800998793 /* RemoteFeedLoader.swift */ = {isa = PBXFileReference; lastKnownFileType = sourcecode.swift; path = RemoteFeedLoader.swift; sourceTree = "<group>"; };
		D59ECD232450306C00A2BC70 /* URLSessionHTTPClientTests.swift */ = {isa = PBXFileReference; lastKnownFileType = sourcecode.swift; path = URLSessionHTTPClientTests.swift; sourceTree = "<group>"; };
		D59ECD2624518A1800A2BC70 /* XCTestCase+MemoryLeakTracking.swift */ = {isa = PBXFileReference; lastKnownFileType = sourcecode.swift; path = "XCTestCase+MemoryLeakTracking.swift"; sourceTree = "<group>"; };
		D59ECD2824530A3700A2BC70 /* URLSessionHTTPClient.swift */ = {isa = PBXFileReference; lastKnownFileType = sourcecode.swift; path = URLSessionHTTPClient.swift; sourceTree = "<group>"; };
		D59ECD2E24540A1600A2BC70 /* EssentialFeedAPIEndToEndTests.xctest */ = {isa = PBXFileReference; explicitFileType = wrapper.cfbundle; includeInIndex = 0; path = EssentialFeedAPIEndToEndTests.xctest; sourceTree = BUILT_PRODUCTS_DIR; };
		D59ECD3024540A1700A2BC70 /* EssentialFeedAPIEndToEndTests.swift */ = {isa = PBXFileReference; lastKnownFileType = sourcecode.swift; path = EssentialFeedAPIEndToEndTests.swift; sourceTree = "<group>"; };
		D59ECD3224540A1700A2BC70 /* Info.plist */ = {isa = PBXFileReference; lastKnownFileType = text.plist.xml; path = Info.plist; sourceTree = "<group>"; };
		D59F1A9F246633DA00364BF0 /* ValidateFeedCacheUseCaseTests.swift */ = {isa = PBXFileReference; lastKnownFileType = sourcecode.swift; path = ValidateFeedCacheUseCaseTests.swift; sourceTree = "<group>"; };
		D59F1AA12466390B00364BF0 /* FeedCacheTestHelpers.swift */ = {isa = PBXFileReference; lastKnownFileType = sourcecode.swift; path = FeedCacheTestHelpers.swift; sourceTree = "<group>"; };
		D59F1AA324663A7100364BF0 /* SharedTestHelpers.swift */ = {isa = PBXFileReference; lastKnownFileType = sourcecode.swift; path = SharedTestHelpers.swift; sourceTree = "<group>"; };
		D59F1AA72467AA3900364BF0 /* FeedCachePolicy.swift */ = {isa = PBXFileReference; lastKnownFileType = sourcecode.swift; path = FeedCachePolicy.swift; sourceTree = "<group>"; };
		D59F764324587B76009983A4 /* LoadFeedFromCacheUseCaseTests.swift */ = {isa = PBXFileReference; lastKnownFileType = sourcecode.swift; path = LoadFeedFromCacheUseCaseTests.swift; sourceTree = "<group>"; };
		D59F764624587CB9009983A4 /* FeedStoreSpy.swift */ = {isa = PBXFileReference; lastKnownFileType = sourcecode.swift; path = FeedStoreSpy.swift; sourceTree = "<group>"; };
		D5E9A527245709FE000493E8 /* CacheFeedUseCaseTests.swift */ = {isa = PBXFileReference; lastKnownFileType = sourcecode.swift; path = CacheFeedUseCaseTests.swift; sourceTree = "<group>"; };
/* End PBXFileReference section */

/* Begin PBXFrameworksBuildPhase section */
		1C36399824C09210006B3FDB /* Frameworks */ = {
			isa = PBXFrameworksBuildPhase;
			buildActionMask = 2147483647;
			files = (
				1C840FEB24C99C2800E55BA9 /* EssentialFeed.framework in Frameworks */,
			);
			runOnlyForDeploymentPostprocessing = 0;
		};
		1C3639A024C09211006B3FDB /* Frameworks */ = {
			isa = PBXFrameworksBuildPhase;
			buildActionMask = 2147483647;
			files = (
				1C3639A424C09211006B3FDB /* EssentialFeediOS.framework in Frameworks */,
			);
			runOnlyForDeploymentPostprocessing = 0;
		};
		D546CE292487B1480088AD1A /* Frameworks */ = {
			isa = PBXFrameworksBuildPhase;
			buildActionMask = 2147483647;
			files = (
				D546CE312487B1480088AD1A /* EssentialFeed.framework in Frameworks */,
			);
			runOnlyForDeploymentPostprocessing = 0;
		};
		D59D36332433305800998793 /* Frameworks */ = {
			isa = PBXFrameworksBuildPhase;
			buildActionMask = 2147483647;
			files = (
			);
			runOnlyForDeploymentPostprocessing = 0;
		};
		D59D363C2433305800998793 /* Frameworks */ = {
			isa = PBXFrameworksBuildPhase;
			buildActionMask = 2147483647;
			files = (
				D59D36402433305800998793 /* EssentialFeed.framework in Frameworks */,
			);
			runOnlyForDeploymentPostprocessing = 0;
		};
		D59ECD2B24540A1600A2BC70 /* Frameworks */ = {
			isa = PBXFrameworksBuildPhase;
			buildActionMask = 2147483647;
			files = (
				D59ECD3324540A1700A2BC70 /* EssentialFeed.framework in Frameworks */,
			);
			runOnlyForDeploymentPostprocessing = 0;
		};
/* End PBXFrameworksBuildPhase section */

/* Begin PBXGroup section */
		1C0C7DA024D56D06001ADC93 /* Feed Image Loader */ = {
			isa = PBXGroup;
			children = (
				1C0C7DA124D56DEE001ADC93 /* FeedImageDataLoader.swift */,
			);
			path = "Feed Image Loader";
			sourceTree = "<group>";
		};
		1C0C7DA324D56EC3001ADC93 /* Feed UI */ = {
			isa = PBXGroup;
			children = (
				1C0C7DA424D56EE9001ADC93 /* Controllers */,
				1C0C7DA524D56EF2001ADC93 /* Views */,
			);
			path = "Feed UI";
			sourceTree = "<group>";
		};
		1C0C7DA424D56EE9001ADC93 /* Controllers */ = {
			isa = PBXGroup;
			children = (
				1C840FF124C9C49B00E55BA9 /* FeedViewController.swift */,
				1C41711C24D996F600AEAC1D /* FeedRefreshViewController.swift */,
				1C41711A24D996A700AEAC1D /* FeedImageCellController.swift */,
			);
			path = Controllers;
			sourceTree = "<group>";
		};
		1C0C7DA524D56EF2001ADC93 /* Views */ = {
			isa = PBXGroup;
			children = (
				1CA0107824CC15FF007E7DAF /* FeedImageCell.swift */,
				1CA0107A24CD837C007E7DAF /* UIView+Shimmering.swift */,
			);
			path = Views;
			sourceTree = "<group>";
		};
		1C36399C24C09211006B3FDB /* EssentialFeediOS */ = {
			isa = PBXGroup;
			children = (
				1C0C7DA024D56D06001ADC93 /* Feed Image Loader */,
				1C36399E24C09211006B3FDB /* Info.plist */,
				1C0C7DA324D56EC3001ADC93 /* Feed UI */,
			);
			path = EssentialFeediOS;
			sourceTree = "<group>";
		};
		1C3639A724C09211006B3FDB /* EssentialFeediOSTests */ = {
			isa = PBXGroup;
			children = (
				1C3639AA24C09211006B3FDB /* Info.plist */,
				1C840FE324C98CF700E55BA9 /* FeedViewControllerTests.swift */,
			);
			path = EssentialFeediOSTests;
			sourceTree = "<group>";
		};
		1C840FE524C99B7F00E55BA9 /* Frameworks */ = {
			isa = PBXGroup;
			children = (
			);
			name = Frameworks;
			sourceTree = "<group>";
		};
		D546CE2D2487B1480088AD1A /* EssentialFeedCacheIntegrationTests */ = {
			isa = PBXGroup;
			children = (
				D546CE2E2487B1480088AD1A /* EssentialFeedCacheIntegrationTests.swift */,
				D546CE302487B1480088AD1A /* Info.plist */,
			);
			path = EssentialFeedCacheIntegrationTests;
			sourceTree = "<group>";
		};
		D5888EFF2458208500B53638 /* Feed Cache */ = {
			isa = PBXGroup;
			children = (
				D58BF0F6247F77820031DA8C /* Infrastructure */,
				D5888F00245820A100B53638 /* LocalFeedLoader.swift */,
				D5888F022458215200B53638 /* FeedStore.swift */,
				D5888F062458576A00B53638 /* LocalFeedImage.swift */,
				D59F1AA72467AA3900364BF0 /* FeedCachePolicy.swift */,
			);
			path = "Feed Cache";
			sourceTree = "<group>";
		};
		D5890F80244B45F100B37654 /* Feed API */ = {
			isa = PBXGroup;
			children = (
				D59D365724335C9F00998793 /* LoadFeedFromRemoteUseCaseTests.swift */,
				D59ECD232450306C00A2BC70 /* URLSessionHTTPClientTests.swift */,
			);
			path = "Feed API";
			sourceTree = "<group>";
		};
		D58BF0F6247F77820031DA8C /* Infrastructure */ = {
			isa = PBXGroup;
			children = (
				D58BF0F7247F778F0031DA8C /* CoreData */,
			);
			path = Infrastructure;
			sourceTree = "<group>";
		};
		D58BF0F7247F778F0031DA8C /* CoreData */ = {
			isa = PBXGroup;
			children = (
				D57F9F68247A91B70068C81B /* FeedStore.xcdatamodeld */,
				D57F9F73247B47B10068C81B /* CoreDataFeedStore.swift */,
				D58BF0F9247F78900031DA8C /* CoreDataHelpers.swift */,
				D58BF0FB247F799B0031DA8C /* ManagedCache.swift */,
				D58BF0FD247F7A620031DA8C /* ManagedFeedImage.swift */,
			);
			path = CoreData;
			sourceTree = "<group>";
		};
		D59637312471466900D1FDB5 /* FeedStoreSpecs */ = {
			isa = PBXGroup;
			children = (
				D59637272470039300D1FDB5 /* FeedStoreSpecs.swift */,
				D59637292470049900D1FDB5 /* XCTestCase+FeedStoreSpecs.swift */,
				D596372B24702A4C00D1FDB5 /* XCTestCase+FailableRetrieveFeedStoreSpecs.swift */,
				D596372D24702AB200D1FDB5 /* XCTestCase+FailableInsertFeedStoreSpecs.swift */,
				D596372F24702DE300D1FDB5 /* XCTestCase+FailableDeleteFeedStoreSpecs.swift */,
			);
			path = FeedStoreSpecs;
			sourceTree = "<group>";
		};
		D59D362C2433305800998793 = {
			isa = PBXGroup;
			children = (
				D59D36382433305800998793 /* EssentialFeed */,
				D59D36432433305800998793 /* EssentialFeedTests */,
				D59ECD2F24540A1700A2BC70 /* EssentialFeedAPIEndToEndTests */,
				D546CE2D2487B1480088AD1A /* EssentialFeedCacheIntegrationTests */,
				1C36399C24C09211006B3FDB /* EssentialFeediOS */,
				1C3639A724C09211006B3FDB /* EssentialFeediOSTests */,
				D59D36372433305800998793 /* Products */,
				1C840FE524C99B7F00E55BA9 /* Frameworks */,
			);
			sourceTree = "<group>";
		};
		D59D36372433305800998793 /* Products */ = {
			isa = PBXGroup;
			children = (
				D59D36362433305800998793 /* EssentialFeed.framework */,
				D59D363F2433305800998793 /* EssentialFeedTests.xctest */,
				D59ECD2E24540A1600A2BC70 /* EssentialFeedAPIEndToEndTests.xctest */,
				D546CE2C2487B1480088AD1A /* EssentialFeedCacheIntegrationTests.xctest */,
				1C36399B24C09210006B3FDB /* EssentialFeediOS.framework */,
				1C3639A324C09211006B3FDB /* EssentialFeediOSTests.xctest */,
			);
			name = Products;
			sourceTree = "<group>";
		};
		D59D36382433305800998793 /* EssentialFeed */ = {
			isa = PBXGroup;
			children = (
				D5888EFF2458208500B53638 /* Feed Cache */,
				D59D365924346DFA00998793 /* Feed API */,
				D59D36392433305800998793 /* EssentialFeed.h */,
				D59D363A2433305800998793 /* Info.plist */,
				D59D36562433338400998793 /* Feed Feature */,
			);
			path = EssentialFeed;
			sourceTree = "<group>";
		};
		D59D36432433305800998793 /* EssentialFeedTests */ = {
			isa = PBXGroup;
			children = (
				D59ECD25245189F900A2BC70 /* Helpers */,
				D5E9A526245709D2000493E8 /* Feed Cache */,
				D5890F80244B45F100B37654 /* Feed API */,
				D59D36462433305800998793 /* Info.plist */,
			);
			path = EssentialFeedTests;
			sourceTree = "<group>";
		};
		D59D36562433338400998793 /* Feed Feature */ = {
			isa = PBXGroup;
			children = (
				D59D36502433309600998793 /* FeedImage.swift */,
				D59D36542433326700998793 /* FeedLoader.swift */,
			);
			path = "Feed Feature";
			sourceTree = "<group>";
		};
		D59D365924346DFA00998793 /* Feed API */ = {
			isa = PBXGroup;
			children = (
				D59D365A24346E1800998793 /* RemoteFeedLoader.swift */,
				D5890F7E244AFFB600B37654 /* FeedItemsMapper.swift */,
				D5890F7C244AFEDF00B37654 /* HTTPClient.swift */,
				D59ECD2824530A3700A2BC70 /* URLSessionHTTPClient.swift */,
				D5888F042458570900B53638 /* RemoteFeedItem.swift */,
			);
			path = "Feed API";
			sourceTree = "<group>";
		};
		D59ECD25245189F900A2BC70 /* Helpers */ = {
			isa = PBXGroup;
			children = (
				D59ECD2624518A1800A2BC70 /* XCTestCase+MemoryLeakTracking.swift */,
				D59F1AA324663A7100364BF0 /* SharedTestHelpers.swift */,
			);
			path = Helpers;
			sourceTree = "<group>";
		};
		D59ECD2F24540A1700A2BC70 /* EssentialFeedAPIEndToEndTests */ = {
			isa = PBXGroup;
			children = (
				D59ECD3024540A1700A2BC70 /* EssentialFeedAPIEndToEndTests.swift */,
				D59ECD3224540A1700A2BC70 /* Info.plist */,
			);
			path = EssentialFeedAPIEndToEndTests;
			sourceTree = "<group>";
		};
		D59F764524587CA0009983A4 /* Helpers */ = {
			isa = PBXGroup;
			children = (
				D59F764624587CB9009983A4 /* FeedStoreSpy.swift */,
				D59F1AA12466390B00364BF0 /* FeedCacheTestHelpers.swift */,
			);
			path = Helpers;
			sourceTree = "<group>";
		};
		D5E9A526245709D2000493E8 /* Feed Cache */ = {
			isa = PBXGroup;
			children = (
				D59F764524587CA0009983A4 /* Helpers */,
				D59637312471466900D1FDB5 /* FeedStoreSpecs */,
				D5E9A527245709FE000493E8 /* CacheFeedUseCaseTests.swift */,
				D59F764324587B76009983A4 /* LoadFeedFromCacheUseCaseTests.swift */,
				D59F1A9F246633DA00364BF0 /* ValidateFeedCacheUseCaseTests.swift */,
				D57F9F66247A7E990068C81B /* CoreDataFeedStoreTests.swift */,
			);
			path = "Feed Cache";
			sourceTree = "<group>";
		};
/* End PBXGroup section */

/* Begin PBXHeadersBuildPhase section */
		1C36399624C09210006B3FDB /* Headers */ = {
			isa = PBXHeadersBuildPhase;
			buildActionMask = 2147483647;
			files = (
			);
			runOnlyForDeploymentPostprocessing = 0;
		};
		D59D36312433305800998793 /* Headers */ = {
			isa = PBXHeadersBuildPhase;
			buildActionMask = 2147483647;
			files = (
				D59D36472433305800998793 /* EssentialFeed.h in Headers */,
			);
			runOnlyForDeploymentPostprocessing = 0;
		};
/* End PBXHeadersBuildPhase section */

/* Begin PBXNativeTarget section */
		1C36399A24C09210006B3FDB /* EssentialFeediOS */ = {
			isa = PBXNativeTarget;
			buildConfigurationList = 1C3639AC24C09211006B3FDB /* Build configuration list for PBXNativeTarget "EssentialFeediOS" */;
			buildPhases = (
				1C36399624C09210006B3FDB /* Headers */,
				1C36399724C09210006B3FDB /* Sources */,
				1C36399824C09210006B3FDB /* Frameworks */,
				1C36399924C09210006B3FDB /* Resources */,
				1C840FEF24C99C2800E55BA9 /* Embed Frameworks */,
			);
			buildRules = (
			);
			dependencies = (
				1C840FEE24C99C2800E55BA9 /* PBXTargetDependency */,
			);
			name = EssentialFeediOS;
			productName = EssentialFeediOS;
			productReference = 1C36399B24C09210006B3FDB /* EssentialFeediOS.framework */;
			productType = "com.apple.product-type.framework";
		};
		1C3639A224C09211006B3FDB /* EssentialFeediOSTests */ = {
			isa = PBXNativeTarget;
			buildConfigurationList = 1C3639AF24C09211006B3FDB /* Build configuration list for PBXNativeTarget "EssentialFeediOSTests" */;
			buildPhases = (
				1C36399F24C09211006B3FDB /* Sources */,
				1C3639A024C09211006B3FDB /* Frameworks */,
				1C3639A124C09211006B3FDB /* Resources */,
			);
			buildRules = (
			);
			dependencies = (
				1C3639A624C09211006B3FDB /* PBXTargetDependency */,
			);
			name = EssentialFeediOSTests;
			productName = EssentialFeediOSTests;
			productReference = 1C3639A324C09211006B3FDB /* EssentialFeediOSTests.xctest */;
			productType = "com.apple.product-type.bundle.unit-test";
		};
		D546CE2B2487B1480088AD1A /* EssentialFeedCacheIntegrationTests */ = {
			isa = PBXNativeTarget;
			buildConfigurationList = D546CE362487B1480088AD1A /* Build configuration list for PBXNativeTarget "EssentialFeedCacheIntegrationTests" */;
			buildPhases = (
				D546CE282487B1480088AD1A /* Sources */,
				D546CE292487B1480088AD1A /* Frameworks */,
				D546CE2A2487B1480088AD1A /* Resources */,
			);
			buildRules = (
			);
			dependencies = (
				D546CE332487B1480088AD1A /* PBXTargetDependency */,
			);
			name = EssentialFeedCacheIntegrationTests;
			productName = EssentialFeedCacheIntegrationTests;
			productReference = D546CE2C2487B1480088AD1A /* EssentialFeedCacheIntegrationTests.xctest */;
			productType = "com.apple.product-type.bundle.unit-test";
		};
		D59D36352433305800998793 /* EssentialFeed */ = {
			isa = PBXNativeTarget;
			buildConfigurationList = D59D364A2433305800998793 /* Build configuration list for PBXNativeTarget "EssentialFeed" */;
			buildPhases = (
				D59D36312433305800998793 /* Headers */,
				D59D36322433305800998793 /* Sources */,
				D59D36332433305800998793 /* Frameworks */,
				D59D36342433305800998793 /* Resources */,
			);
			buildRules = (
			);
			dependencies = (
			);
			name = EssentialFeed;
			productName = EssentialFeed;
			productReference = D59D36362433305800998793 /* EssentialFeed.framework */;
			productType = "com.apple.product-type.framework";
		};
		D59D363E2433305800998793 /* EssentialFeedTests */ = {
			isa = PBXNativeTarget;
			buildConfigurationList = D59D364D2433305800998793 /* Build configuration list for PBXNativeTarget "EssentialFeedTests" */;
			buildPhases = (
				D59D363B2433305800998793 /* Sources */,
				D59D363C2433305800998793 /* Frameworks */,
				D59D363D2433305800998793 /* Resources */,
			);
			buildRules = (
			);
			dependencies = (
				D59D36422433305800998793 /* PBXTargetDependency */,
			);
			name = EssentialFeedTests;
			productName = EssentialFeedTests;
			productReference = D59D363F2433305800998793 /* EssentialFeedTests.xctest */;
			productType = "com.apple.product-type.bundle.unit-test";
		};
		D59ECD2D24540A1600A2BC70 /* EssentialFeedAPIEndToEndTests */ = {
			isa = PBXNativeTarget;
			buildConfigurationList = D59ECD3624540A1700A2BC70 /* Build configuration list for PBXNativeTarget "EssentialFeedAPIEndToEndTests" */;
			buildPhases = (
				D59ECD2A24540A1600A2BC70 /* Sources */,
				D59ECD2B24540A1600A2BC70 /* Frameworks */,
				D59ECD2C24540A1600A2BC70 /* Resources */,
			);
			buildRules = (
			);
			dependencies = (
				D59ECD3524540A1700A2BC70 /* PBXTargetDependency */,
			);
			name = EssentialFeedAPIEndToEndTests;
			productName = EssentialFeedAPIEndToEndTests;
			productReference = D59ECD2E24540A1600A2BC70 /* EssentialFeedAPIEndToEndTests.xctest */;
			productType = "com.apple.product-type.bundle.unit-test";
		};
/* End PBXNativeTarget section */

/* Begin PBXProject section */
		D59D362D2433305800998793 /* Project object */ = {
			isa = PBXProject;
			attributes = {
				LastSwiftUpdateCheck = 1150;
				LastUpgradeCheck = 1130;
				ORGANIZATIONNAME = Quikr;
				TargetAttributes = {
					1C36399A24C09210006B3FDB = {
						CreatedOnToolsVersion = 11.5;
						LastSwiftMigration = 1150;
					};
					1C3639A224C09211006B3FDB = {
						CreatedOnToolsVersion = 11.5;
						LastSwiftMigration = 1150;
					};
					D546CE2B2487B1480088AD1A = {
						CreatedOnToolsVersion = 11.5;
					};
					D59D36352433305800998793 = {
						CreatedOnToolsVersion = 11.3.1;
						LastSwiftMigration = 1130;
					};
					D59D363E2433305800998793 = {
						CreatedOnToolsVersion = 11.3.1;
						LastSwiftMigration = 1130;
					};
					D59ECD2D24540A1600A2BC70 = {
						CreatedOnToolsVersion = 11.3.1;
					};
				};
			};
			buildConfigurationList = D59D36302433305800998793 /* Build configuration list for PBXProject "EssentialFeed" */;
			compatibilityVersion = "Xcode 9.3";
			developmentRegion = en;
			hasScannedForEncodings = 0;
			knownRegions = (
				en,
				Base,
			);
			mainGroup = D59D362C2433305800998793;
			productRefGroup = D59D36372433305800998793 /* Products */;
			projectDirPath = "";
			projectRoot = "";
			targets = (
				D59D36352433305800998793 /* EssentialFeed */,
				D59D363E2433305800998793 /* EssentialFeedTests */,
				D59ECD2D24540A1600A2BC70 /* EssentialFeedAPIEndToEndTests */,
				D546CE2B2487B1480088AD1A /* EssentialFeedCacheIntegrationTests */,
				1C36399A24C09210006B3FDB /* EssentialFeediOS */,
				1C3639A224C09211006B3FDB /* EssentialFeediOSTests */,
			);
		};
/* End PBXProject section */

/* Begin PBXResourcesBuildPhase section */
		1C36399924C09210006B3FDB /* Resources */ = {
			isa = PBXResourcesBuildPhase;
			buildActionMask = 2147483647;
			files = (
			);
			runOnlyForDeploymentPostprocessing = 0;
		};
		1C3639A124C09211006B3FDB /* Resources */ = {
			isa = PBXResourcesBuildPhase;
			buildActionMask = 2147483647;
			files = (
			);
			runOnlyForDeploymentPostprocessing = 0;
		};
		D546CE2A2487B1480088AD1A /* Resources */ = {
			isa = PBXResourcesBuildPhase;
			buildActionMask = 2147483647;
			files = (
			);
			runOnlyForDeploymentPostprocessing = 0;
		};
		D59D36342433305800998793 /* Resources */ = {
			isa = PBXResourcesBuildPhase;
			buildActionMask = 2147483647;
			files = (
			);
			runOnlyForDeploymentPostprocessing = 0;
		};
		D59D363D2433305800998793 /* Resources */ = {
			isa = PBXResourcesBuildPhase;
			buildActionMask = 2147483647;
			files = (
			);
			runOnlyForDeploymentPostprocessing = 0;
		};
		D59ECD2C24540A1600A2BC70 /* Resources */ = {
			isa = PBXResourcesBuildPhase;
			buildActionMask = 2147483647;
			files = (
			);
			runOnlyForDeploymentPostprocessing = 0;
		};
/* End PBXResourcesBuildPhase section */

/* Begin PBXSourcesBuildPhase section */
		1C36399724C09210006B3FDB /* Sources */ = {
			isa = PBXSourcesBuildPhase;
			buildActionMask = 2147483647;
			files = (
				1C0C7DA224D56DEE001ADC93 /* FeedImageDataLoader.swift in Sources */,
				1CA0107B24CD837C007E7DAF /* UIView+Shimmering.swift in Sources */,
				1C41711D24D996F600AEAC1D /* FeedRefreshViewController.swift in Sources */,
				1C41711B24D996A700AEAC1D /* FeedImageCellController.swift in Sources */,
				1C840FF224C9C49B00E55BA9 /* FeedViewController.swift in Sources */,
				1CA0107924CC15FF007E7DAF /* FeedImageCell.swift in Sources */,
			);
			runOnlyForDeploymentPostprocessing = 0;
		};
		1C36399F24C09211006B3FDB /* Sources */ = {
			isa = PBXSourcesBuildPhase;
			buildActionMask = 2147483647;
			files = (
				1C840FE424C98CF700E55BA9 /* FeedViewControllerTests.swift in Sources */,
				1C840FF024C99E0F00E55BA9 /* XCTestCase+MemoryLeakTracking.swift in Sources */,
			);
			runOnlyForDeploymentPostprocessing = 0;
		};
		D546CE282487B1480088AD1A /* Sources */ = {
			isa = PBXSourcesBuildPhase;
			buildActionMask = 2147483647;
			files = (
				D57EA74F248B1482004D6E41 /* SharedTestHelpers.swift in Sources */,
				D546CE2F2487B1480088AD1A /* EssentialFeedCacheIntegrationTests.swift in Sources */,
				D57EA74E248B147B004D6E41 /* FeedCacheTestHelpers.swift in Sources */,
				D546CE372487BE0B0088AD1A /* XCTestCase+MemoryLeakTracking.swift in Sources */,
			);
			runOnlyForDeploymentPostprocessing = 0;
		};
		D59D36322433305800998793 /* Sources */ = {
			isa = PBXSourcesBuildPhase;
			buildActionMask = 2147483647;
			files = (
				D58BF0FA247F78900031DA8C /* CoreDataHelpers.swift in Sources */,
				D57F9F6A247A91B70068C81B /* FeedStore.xcdatamodeld in Sources */,
				D5890F7F244AFFB600B37654 /* FeedItemsMapper.swift in Sources */,
				D59D36552433326700998793 /* FeedLoader.swift in Sources */,
				D5888F052458570900B53638 /* RemoteFeedItem.swift in Sources */,
				D59F1AA82467AA3900364BF0 /* FeedCachePolicy.swift in Sources */,
				D59D365B24346E1800998793 /* RemoteFeedLoader.swift in Sources */,
				D57F9F74247B47B10068C81B /* CoreDataFeedStore.swift in Sources */,
				D5888F072458576A00B53638 /* LocalFeedImage.swift in Sources */,
				D5888F032458215200B53638 /* FeedStore.swift in Sources */,
				D5888F01245820A100B53638 /* LocalFeedLoader.swift in Sources */,
				D5890F7D244AFEDF00B37654 /* HTTPClient.swift in Sources */,
				D59D36512433309600998793 /* FeedImage.swift in Sources */,
				D58BF0FC247F799B0031DA8C /* ManagedCache.swift in Sources */,
				D59ECD2924530A3700A2BC70 /* URLSessionHTTPClient.swift in Sources */,
				D58BF0FE247F7A620031DA8C /* ManagedFeedImage.swift in Sources */,
			);
			runOnlyForDeploymentPostprocessing = 0;
		};
		D59D363B2433305800998793 /* Sources */ = {
			isa = PBXSourcesBuildPhase;
			buildActionMask = 2147483647;
			files = (
				D59F1AA22466390B00364BF0 /* FeedCacheTestHelpers.swift in Sources */,
				D59F1AA0246633DA00364BF0 /* ValidateFeedCacheUseCaseTests.swift in Sources */,
				D59D365824335C9F00998793 /* LoadFeedFromRemoteUseCaseTests.swift in Sources */,
				D596372E24702AB200D1FDB5 /* XCTestCase+FailableInsertFeedStoreSpecs.swift in Sources */,
				D59ECD242450306C00A2BC70 /* URLSessionHTTPClientTests.swift in Sources */,
				D59F764724587CB9009983A4 /* FeedStoreSpy.swift in Sources */,
				D59F1AA424663A7100364BF0 /* SharedTestHelpers.swift in Sources */,
				D5E9A528245709FE000493E8 /* CacheFeedUseCaseTests.swift in Sources */,
				D596373024702DE300D1FDB5 /* XCTestCase+FailableDeleteFeedStoreSpecs.swift in Sources */,
				D596372C24702A4C00D1FDB5 /* XCTestCase+FailableRetrieveFeedStoreSpecs.swift in Sources */,
				D59F764424587B76009983A4 /* LoadFeedFromCacheUseCaseTests.swift in Sources */,
				D59637282470039300D1FDB5 /* FeedStoreSpecs.swift in Sources */,
				D59ECD2724518A1800A2BC70 /* XCTestCase+MemoryLeakTracking.swift in Sources */,
				D57F9F67247A7E990068C81B /* CoreDataFeedStoreTests.swift in Sources */,
				D596372A2470049900D1FDB5 /* XCTestCase+FeedStoreSpecs.swift in Sources */,
			);
			runOnlyForDeploymentPostprocessing = 0;
		};
		D59ECD2A24540A1600A2BC70 /* Sources */ = {
			isa = PBXSourcesBuildPhase;
			buildActionMask = 2147483647;
			files = (
				D59ECD3124540A1700A2BC70 /* EssentialFeedAPIEndToEndTests.swift in Sources */,
				D59ECD3924541C7600A2BC70 /* XCTestCase+MemoryLeakTracking.swift in Sources */,
			);
			runOnlyForDeploymentPostprocessing = 0;
		};
/* End PBXSourcesBuildPhase section */

/* Begin PBXTargetDependency section */
		1C3639A624C09211006B3FDB /* PBXTargetDependency */ = {
			isa = PBXTargetDependency;
			target = 1C36399A24C09210006B3FDB /* EssentialFeediOS */;
			targetProxy = 1C3639A524C09211006B3FDB /* PBXContainerItemProxy */;
		};
		1C840FEE24C99C2800E55BA9 /* PBXTargetDependency */ = {
			isa = PBXTargetDependency;
			platformFilter = ios;
			target = D59D36352433305800998793 /* EssentialFeed */;
			targetProxy = 1C840FED24C99C2800E55BA9 /* PBXContainerItemProxy */;
		};
		D546CE332487B1480088AD1A /* PBXTargetDependency */ = {
			isa = PBXTargetDependency;
			target = D59D36352433305800998793 /* EssentialFeed */;
			targetProxy = D546CE322487B1480088AD1A /* PBXContainerItemProxy */;
		};
		D59D36422433305800998793 /* PBXTargetDependency */ = {
			isa = PBXTargetDependency;
			target = D59D36352433305800998793 /* EssentialFeed */;
			targetProxy = D59D36412433305800998793 /* PBXContainerItemProxy */;
		};
		D59ECD3524540A1700A2BC70 /* PBXTargetDependency */ = {
			isa = PBXTargetDependency;
			target = D59D36352433305800998793 /* EssentialFeed */;
			targetProxy = D59ECD3424540A1700A2BC70 /* PBXContainerItemProxy */;
		};
/* End PBXTargetDependency section */

/* Begin XCBuildConfiguration section */
		1C3639AD24C09211006B3FDB /* Debug */ = {
			isa = XCBuildConfiguration;
			buildSettings = {
				CLANG_ENABLE_MODULES = YES;
				CODE_SIGN_STYLE = Automatic;
				DEFINES_MODULE = YES;
				DEVELOPMENT_TEAM = 2ND635R3RG;
				DYLIB_COMPATIBILITY_VERSION = 1;
				DYLIB_CURRENT_VERSION = 1;
				DYLIB_INSTALL_NAME_BASE = "@rpath";
				INFOPLIST_FILE = EssentialFeediOS/Info.plist;
				INSTALL_PATH = "$(LOCAL_LIBRARY_DIR)/Frameworks";
				IPHONEOS_DEPLOYMENT_TARGET = 13.0;
				LD_RUNPATH_SEARCH_PATHS = (
					"$(inherited)",
					"@executable_path/Frameworks",
					"@loader_path/Frameworks",
				);
				PRODUCT_BUNDLE_IDENTIFIER = com.macpandit.EssentialFeediOS;
				PRODUCT_NAME = "$(TARGET_NAME:c99extidentifier)";
				SDKROOT = iphoneos;
				SKIP_INSTALL = YES;
				SWIFT_OPTIMIZATION_LEVEL = "-Onone";
				SWIFT_VERSION = 5.0;
				TARGETED_DEVICE_FAMILY = "1,2";
			};
			name = Debug;
		};
		1C3639AE24C09211006B3FDB /* Release */ = {
			isa = XCBuildConfiguration;
			buildSettings = {
				CLANG_ENABLE_MODULES = YES;
				CODE_SIGN_STYLE = Automatic;
				DEFINES_MODULE = YES;
				DEVELOPMENT_TEAM = 2ND635R3RG;
				DYLIB_COMPATIBILITY_VERSION = 1;
				DYLIB_CURRENT_VERSION = 1;
				DYLIB_INSTALL_NAME_BASE = "@rpath";
				INFOPLIST_FILE = EssentialFeediOS/Info.plist;
				INSTALL_PATH = "$(LOCAL_LIBRARY_DIR)/Frameworks";
				IPHONEOS_DEPLOYMENT_TARGET = 13.0;
				LD_RUNPATH_SEARCH_PATHS = (
					"$(inherited)",
					"@executable_path/Frameworks",
					"@loader_path/Frameworks",
				);
				PRODUCT_BUNDLE_IDENTIFIER = com.macpandit.EssentialFeediOS;
				PRODUCT_NAME = "$(TARGET_NAME:c99extidentifier)";
				SDKROOT = iphoneos;
				SKIP_INSTALL = YES;
				SWIFT_VERSION = 5.0;
				TARGETED_DEVICE_FAMILY = "1,2";
				VALIDATE_PRODUCT = YES;
			};
			name = Release;
		};
		1C3639B024C09211006B3FDB /* Debug */ = {
			isa = XCBuildConfiguration;
			buildSettings = {
				ALWAYS_EMBED_SWIFT_STANDARD_LIBRARIES = YES;
				CLANG_ENABLE_MODULES = YES;
				CODE_SIGN_STYLE = Automatic;
				DEVELOPMENT_TEAM = 2ND635R3RG;
				INFOPLIST_FILE = EssentialFeediOSTests/Info.plist;
				IPHONEOS_DEPLOYMENT_TARGET = 13.5;
				LD_RUNPATH_SEARCH_PATHS = (
					"$(inherited)",
					"@executable_path/Frameworks",
					"@loader_path/Frameworks",
				);
				PRODUCT_BUNDLE_IDENTIFIER = com.macpandit.EssentialFeediOSTests;
				PRODUCT_NAME = "$(TARGET_NAME)";
				SDKROOT = iphoneos;
				SWIFT_OPTIMIZATION_LEVEL = "-Onone";
				SWIFT_VERSION = 5.0;
				TARGETED_DEVICE_FAMILY = "1,2";
			};
			name = Debug;
		};
		1C3639B124C09211006B3FDB /* Release */ = {
			isa = XCBuildConfiguration;
			buildSettings = {
				ALWAYS_EMBED_SWIFT_STANDARD_LIBRARIES = YES;
				CLANG_ENABLE_MODULES = YES;
				CODE_SIGN_STYLE = Automatic;
				DEVELOPMENT_TEAM = 2ND635R3RG;
				INFOPLIST_FILE = EssentialFeediOSTests/Info.plist;
				IPHONEOS_DEPLOYMENT_TARGET = 13.5;
				LD_RUNPATH_SEARCH_PATHS = (
					"$(inherited)",
					"@executable_path/Frameworks",
					"@loader_path/Frameworks",
				);
				PRODUCT_BUNDLE_IDENTIFIER = com.macpandit.EssentialFeediOSTests;
				PRODUCT_NAME = "$(TARGET_NAME)";
				SDKROOT = iphoneos;
				SWIFT_VERSION = 5.0;
				TARGETED_DEVICE_FAMILY = "1,2";
				VALIDATE_PRODUCT = YES;
			};
			name = Release;
		};
		D546CE342487B1480088AD1A /* Debug */ = {
			isa = XCBuildConfiguration;
			buildSettings = {
				CODE_SIGN_STYLE = Automatic;
				COMBINE_HIDPI_IMAGES = YES;
				INFOPLIST_FILE = EssentialFeedCacheIntegrationTests/Info.plist;
				LD_RUNPATH_SEARCH_PATHS = (
					"$(inherited)",
					"@executable_path/../Frameworks",
					"@loader_path/../Frameworks",
				);
				MACOSX_DEPLOYMENT_TARGET = 10.15;
				PRODUCT_BUNDLE_IDENTIFIER = com.EssentialFeedCacheIntegrationTests;
				PRODUCT_NAME = "$(TARGET_NAME)";
				SUPPORTED_PLATFORMS = "macosx iphoneos iphonesimulator";
				SWIFT_VERSION = 5.0;
			};
			name = Debug;
		};
		D546CE352487B1480088AD1A /* Release */ = {
			isa = XCBuildConfiguration;
			buildSettings = {
				CODE_SIGN_STYLE = Automatic;
				COMBINE_HIDPI_IMAGES = YES;
				INFOPLIST_FILE = EssentialFeedCacheIntegrationTests/Info.plist;
				LD_RUNPATH_SEARCH_PATHS = (
					"$(inherited)",
					"@executable_path/../Frameworks",
					"@loader_path/../Frameworks",
				);
				MACOSX_DEPLOYMENT_TARGET = 10.15;
				PRODUCT_BUNDLE_IDENTIFIER = com.EssentialFeedCacheIntegrationTests;
				PRODUCT_NAME = "$(TARGET_NAME)";
				SUPPORTED_PLATFORMS = "macosx iphoneos iphonesimulator";
				SWIFT_VERSION = 5.0;
			};
			name = Release;
		};
		D59D36482433305800998793 /* Debug */ = {
			isa = XCBuildConfiguration;
			buildSettings = {
				ALWAYS_SEARCH_USER_PATHS = NO;
				CLANG_ANALYZER_NONNULL = YES;
				CLANG_ANALYZER_NUMBER_OBJECT_CONVERSION = YES_AGGRESSIVE;
				CLANG_CXX_LANGUAGE_STANDARD = "gnu++14";
				CLANG_CXX_LIBRARY = "libc++";
				CLANG_ENABLE_MODULES = YES;
				CLANG_ENABLE_OBJC_ARC = YES;
				CLANG_ENABLE_OBJC_WEAK = YES;
				CLANG_WARN_BLOCK_CAPTURE_AUTORELEASING = YES;
				CLANG_WARN_BOOL_CONVERSION = YES;
				CLANG_WARN_COMMA = YES;
				CLANG_WARN_CONSTANT_CONVERSION = YES;
				CLANG_WARN_DEPRECATED_OBJC_IMPLEMENTATIONS = YES;
				CLANG_WARN_DIRECT_OBJC_ISA_USAGE = YES_ERROR;
				CLANG_WARN_DOCUMENTATION_COMMENTS = YES;
				CLANG_WARN_EMPTY_BODY = YES;
				CLANG_WARN_ENUM_CONVERSION = YES;
				CLANG_WARN_INFINITE_RECURSION = YES;
				CLANG_WARN_INT_CONVERSION = YES;
				CLANG_WARN_NON_LITERAL_NULL_CONVERSION = YES;
				CLANG_WARN_OBJC_IMPLICIT_RETAIN_SELF = YES;
				CLANG_WARN_OBJC_LITERAL_CONVERSION = YES;
				CLANG_WARN_OBJC_ROOT_CLASS = YES_ERROR;
				CLANG_WARN_RANGE_LOOP_ANALYSIS = YES;
				CLANG_WARN_STRICT_PROTOTYPES = YES;
				CLANG_WARN_SUSPICIOUS_MOVE = YES;
				CLANG_WARN_UNGUARDED_AVAILABILITY = YES_AGGRESSIVE;
				CLANG_WARN_UNREACHABLE_CODE = YES;
				CLANG_WARN__DUPLICATE_METHOD_MATCH = YES;
				COPY_PHASE_STRIP = NO;
				CURRENT_PROJECT_VERSION = 1;
				DEBUG_INFORMATION_FORMAT = dwarf;
				ENABLE_STRICT_OBJC_MSGSEND = YES;
				ENABLE_TESTABILITY = YES;
				GCC_C_LANGUAGE_STANDARD = gnu11;
				GCC_DYNAMIC_NO_PIC = NO;
				GCC_NO_COMMON_BLOCKS = YES;
				GCC_OPTIMIZATION_LEVEL = 0;
				GCC_PREPROCESSOR_DEFINITIONS = (
					"DEBUG=1",
					"$(inherited)",
				);
				GCC_WARN_64_TO_32_BIT_CONVERSION = YES;
				GCC_WARN_ABOUT_RETURN_TYPE = YES_ERROR;
				GCC_WARN_UNDECLARED_SELECTOR = YES;
				GCC_WARN_UNINITIALIZED_AUTOS = YES_AGGRESSIVE;
				GCC_WARN_UNUSED_FUNCTION = YES;
				GCC_WARN_UNUSED_VARIABLE = YES;
				IPHONEOS_DEPLOYMENT_TARGET = 13.0;
				MACOSX_DEPLOYMENT_TARGET = 10.14;
				MTL_ENABLE_DEBUG_INFO = INCLUDE_SOURCE;
				MTL_FAST_MATH = YES;
				ONLY_ACTIVE_ARCH = YES;
				SDKROOT = macosx;
				SWIFT_ACTIVE_COMPILATION_CONDITIONS = DEBUG;
				SWIFT_OPTIMIZATION_LEVEL = "-Onone";
				VERSIONING_SYSTEM = "apple-generic";
				VERSION_INFO_PREFIX = "";
			};
			name = Debug;
		};
		D59D36492433305800998793 /* Release */ = {
			isa = XCBuildConfiguration;
			buildSettings = {
				ALWAYS_SEARCH_USER_PATHS = NO;
				CLANG_ANALYZER_NONNULL = YES;
				CLANG_ANALYZER_NUMBER_OBJECT_CONVERSION = YES_AGGRESSIVE;
				CLANG_CXX_LANGUAGE_STANDARD = "gnu++14";
				CLANG_CXX_LIBRARY = "libc++";
				CLANG_ENABLE_MODULES = YES;
				CLANG_ENABLE_OBJC_ARC = YES;
				CLANG_ENABLE_OBJC_WEAK = YES;
				CLANG_WARN_BLOCK_CAPTURE_AUTORELEASING = YES;
				CLANG_WARN_BOOL_CONVERSION = YES;
				CLANG_WARN_COMMA = YES;
				CLANG_WARN_CONSTANT_CONVERSION = YES;
				CLANG_WARN_DEPRECATED_OBJC_IMPLEMENTATIONS = YES;
				CLANG_WARN_DIRECT_OBJC_ISA_USAGE = YES_ERROR;
				CLANG_WARN_DOCUMENTATION_COMMENTS = YES;
				CLANG_WARN_EMPTY_BODY = YES;
				CLANG_WARN_ENUM_CONVERSION = YES;
				CLANG_WARN_INFINITE_RECURSION = YES;
				CLANG_WARN_INT_CONVERSION = YES;
				CLANG_WARN_NON_LITERAL_NULL_CONVERSION = YES;
				CLANG_WARN_OBJC_IMPLICIT_RETAIN_SELF = YES;
				CLANG_WARN_OBJC_LITERAL_CONVERSION = YES;
				CLANG_WARN_OBJC_ROOT_CLASS = YES_ERROR;
				CLANG_WARN_RANGE_LOOP_ANALYSIS = YES;
				CLANG_WARN_STRICT_PROTOTYPES = YES;
				CLANG_WARN_SUSPICIOUS_MOVE = YES;
				CLANG_WARN_UNGUARDED_AVAILABILITY = YES_AGGRESSIVE;
				CLANG_WARN_UNREACHABLE_CODE = YES;
				CLANG_WARN__DUPLICATE_METHOD_MATCH = YES;
				COPY_PHASE_STRIP = NO;
				CURRENT_PROJECT_VERSION = 1;
				DEBUG_INFORMATION_FORMAT = "dwarf-with-dsym";
				ENABLE_NS_ASSERTIONS = NO;
				ENABLE_STRICT_OBJC_MSGSEND = YES;
				GCC_C_LANGUAGE_STANDARD = gnu11;
				GCC_NO_COMMON_BLOCKS = YES;
				GCC_WARN_64_TO_32_BIT_CONVERSION = YES;
				GCC_WARN_ABOUT_RETURN_TYPE = YES_ERROR;
				GCC_WARN_UNDECLARED_SELECTOR = YES;
				GCC_WARN_UNINITIALIZED_AUTOS = YES_AGGRESSIVE;
				GCC_WARN_UNUSED_FUNCTION = YES;
				GCC_WARN_UNUSED_VARIABLE = YES;
				IPHONEOS_DEPLOYMENT_TARGET = 13.0;
				MACOSX_DEPLOYMENT_TARGET = 10.14;
				MTL_ENABLE_DEBUG_INFO = NO;
				MTL_FAST_MATH = YES;
				SDKROOT = macosx;
				SWIFT_COMPILATION_MODE = wholemodule;
				SWIFT_OPTIMIZATION_LEVEL = "-O";
				VERSIONING_SYSTEM = "apple-generic";
				VERSION_INFO_PREFIX = "";
			};
			name = Release;
		};
		D59D364B2433305800998793 /* Debug */ = {
			isa = XCBuildConfiguration;
			buildSettings = {
				CLANG_ENABLE_MODULES = YES;
				CODE_SIGN_STYLE = Automatic;
				COMBINE_HIDPI_IMAGES = YES;
				DEFINES_MODULE = YES;
				DYLIB_COMPATIBILITY_VERSION = 1;
				DYLIB_CURRENT_VERSION = 1;
				DYLIB_INSTALL_NAME_BASE = "@rpath";
				INFOPLIST_FILE = EssentialFeed/Info.plist;
				INSTALL_PATH = "$(LOCAL_LIBRARY_DIR)/Frameworks";
				LD_RUNPATH_SEARCH_PATHS = (
					"$(inherited)",
					"@executable_path/../Frameworks",
					"@loader_path/Frameworks",
				);
				PRODUCT_BUNDLE_IDENTIFIER = com.EssentialFeed;
				PRODUCT_NAME = "$(TARGET_NAME:c99extidentifier)";
				SKIP_INSTALL = YES;
				SUPPORTED_PLATFORMS = "macosx iphonesimulator iphoneos";
				SWIFT_OPTIMIZATION_LEVEL = "-Onone";
				SWIFT_VERSION = 5.0;
			};
			name = Debug;
		};
		D59D364C2433305800998793 /* Release */ = {
			isa = XCBuildConfiguration;
			buildSettings = {
				CLANG_ENABLE_MODULES = YES;
				CODE_SIGN_STYLE = Automatic;
				COMBINE_HIDPI_IMAGES = YES;
				DEFINES_MODULE = YES;
				DYLIB_COMPATIBILITY_VERSION = 1;
				DYLIB_CURRENT_VERSION = 1;
				DYLIB_INSTALL_NAME_BASE = "@rpath";
				INFOPLIST_FILE = EssentialFeed/Info.plist;
				INSTALL_PATH = "$(LOCAL_LIBRARY_DIR)/Frameworks";
				LD_RUNPATH_SEARCH_PATHS = (
					"$(inherited)",
					"@executable_path/../Frameworks",
					"@loader_path/Frameworks",
				);
				PRODUCT_BUNDLE_IDENTIFIER = com.EssentialFeed;
				PRODUCT_NAME = "$(TARGET_NAME:c99extidentifier)";
				SKIP_INSTALL = YES;
				SUPPORTED_PLATFORMS = "macosx iphonesimulator iphoneos";
				SWIFT_VERSION = 5.0;
			};
			name = Release;
		};
		D59D364E2433305800998793 /* Debug */ = {
			isa = XCBuildConfiguration;
			buildSettings = {
				ALWAYS_EMBED_SWIFT_STANDARD_LIBRARIES = YES;
				CLANG_ENABLE_MODULES = YES;
				CODE_SIGN_STYLE = Automatic;
				COMBINE_HIDPI_IMAGES = YES;
				INFOPLIST_FILE = EssentialFeedTests/Info.plist;
				LD_RUNPATH_SEARCH_PATHS = (
					"$(inherited)",
					"@executable_path/../Frameworks",
					"@loader_path/../Frameworks",
				);
				PRODUCT_BUNDLE_IDENTIFIER = com.EssentialFeedTests;
				PRODUCT_NAME = "$(TARGET_NAME)";
				SUPPORTED_PLATFORMS = "macosx iphoneos iphonesimulator";
				SWIFT_OPTIMIZATION_LEVEL = "-Onone";
				SWIFT_VERSION = 5.0;
			};
			name = Debug;
		};
		D59D364F2433305800998793 /* Release */ = {
			isa = XCBuildConfiguration;
			buildSettings = {
				ALWAYS_EMBED_SWIFT_STANDARD_LIBRARIES = YES;
				CLANG_ENABLE_MODULES = YES;
				CODE_SIGN_STYLE = Automatic;
				COMBINE_HIDPI_IMAGES = YES;
				INFOPLIST_FILE = EssentialFeedTests/Info.plist;
				LD_RUNPATH_SEARCH_PATHS = (
					"$(inherited)",
					"@executable_path/../Frameworks",
					"@loader_path/../Frameworks",
				);
				PRODUCT_BUNDLE_IDENTIFIER = com.EssentialFeedTests;
				PRODUCT_NAME = "$(TARGET_NAME)";
				SUPPORTED_PLATFORMS = "macosx iphoneos iphonesimulator";
				SWIFT_VERSION = 5.0;
			};
			name = Release;
		};
		D59ECD3724540A1700A2BC70 /* Debug */ = {
			isa = XCBuildConfiguration;
			buildSettings = {
				CODE_SIGN_STYLE = Automatic;
				COMBINE_HIDPI_IMAGES = YES;
				INFOPLIST_FILE = EssentialFeedAPIEndToEndTests/Info.plist;
				LD_RUNPATH_SEARCH_PATHS = (
					"$(inherited)",
					"@executable_path/../Frameworks",
					"@loader_path/../Frameworks",
				);
				PRODUCT_BUNDLE_IDENTIFIER = com.EssentialFeedAPIEndToEndTests;
				PRODUCT_NAME = "$(TARGET_NAME)";
				SUPPORTED_PLATFORMS = "macosx iphoneos iphonesimulator";
				SWIFT_VERSION = 5.0;
			};
			name = Debug;
		};
		D59ECD3824540A1700A2BC70 /* Release */ = {
			isa = XCBuildConfiguration;
			buildSettings = {
				CODE_SIGN_STYLE = Automatic;
				COMBINE_HIDPI_IMAGES = YES;
				INFOPLIST_FILE = EssentialFeedAPIEndToEndTests/Info.plist;
				LD_RUNPATH_SEARCH_PATHS = (
					"$(inherited)",
					"@executable_path/../Frameworks",
					"@loader_path/../Frameworks",
				);
				PRODUCT_BUNDLE_IDENTIFIER = com.EssentialFeedAPIEndToEndTests;
				PRODUCT_NAME = "$(TARGET_NAME)";
				SUPPORTED_PLATFORMS = "macosx iphoneos iphonesimulator";
				SWIFT_VERSION = 5.0;
			};
			name = Release;
		};
/* End XCBuildConfiguration section */

/* Begin XCConfigurationList section */
		1C3639AC24C09211006B3FDB /* Build configuration list for PBXNativeTarget "EssentialFeediOS" */ = {
			isa = XCConfigurationList;
			buildConfigurations = (
				1C3639AD24C09211006B3FDB /* Debug */,
				1C3639AE24C09211006B3FDB /* Release */,
			);
			defaultConfigurationIsVisible = 0;
			defaultConfigurationName = Release;
		};
		1C3639AF24C09211006B3FDB /* Build configuration list for PBXNativeTarget "EssentialFeediOSTests" */ = {
			isa = XCConfigurationList;
			buildConfigurations = (
				1C3639B024C09211006B3FDB /* Debug */,
				1C3639B124C09211006B3FDB /* Release */,
			);
			defaultConfigurationIsVisible = 0;
			defaultConfigurationName = Release;
		};
		D546CE362487B1480088AD1A /* Build configuration list for PBXNativeTarget "EssentialFeedCacheIntegrationTests" */ = {
			isa = XCConfigurationList;
			buildConfigurations = (
				D546CE342487B1480088AD1A /* Debug */,
				D546CE352487B1480088AD1A /* Release */,
			);
			defaultConfigurationIsVisible = 0;
			defaultConfigurationName = Release;
		};
		D59D36302433305800998793 /* Build configuration list for PBXProject "EssentialFeed" */ = {
			isa = XCConfigurationList;
			buildConfigurations = (
				D59D36482433305800998793 /* Debug */,
				D59D36492433305800998793 /* Release */,
			);
			defaultConfigurationIsVisible = 0;
			defaultConfigurationName = Release;
		};
		D59D364A2433305800998793 /* Build configuration list for PBXNativeTarget "EssentialFeed" */ = {
			isa = XCConfigurationList;
			buildConfigurations = (
				D59D364B2433305800998793 /* Debug */,
				D59D364C2433305800998793 /* Release */,
			);
			defaultConfigurationIsVisible = 0;
			defaultConfigurationName = Release;
		};
		D59D364D2433305800998793 /* Build configuration list for PBXNativeTarget "EssentialFeedTests" */ = {
			isa = XCConfigurationList;
			buildConfigurations = (
				D59D364E2433305800998793 /* Debug */,
				D59D364F2433305800998793 /* Release */,
			);
			defaultConfigurationIsVisible = 0;
			defaultConfigurationName = Release;
		};
		D59ECD3624540A1700A2BC70 /* Build configuration list for PBXNativeTarget "EssentialFeedAPIEndToEndTests" */ = {
			isa = XCConfigurationList;
			buildConfigurations = (
				D59ECD3724540A1700A2BC70 /* Debug */,
				D59ECD3824540A1700A2BC70 /* Release */,
			);
			defaultConfigurationIsVisible = 0;
			defaultConfigurationName = Release;
		};
/* End XCConfigurationList section */

/* Begin XCVersionGroup section */
		D57F9F68247A91B70068C81B /* FeedStore.xcdatamodeld */ = {
			isa = XCVersionGroup;
			children = (
				D57F9F69247A91B70068C81B /* FeedStore.xcdatamodel */,
			);
			currentVersion = D57F9F69247A91B70068C81B /* FeedStore.xcdatamodel */;
			path = FeedStore.xcdatamodeld;
			sourceTree = "<group>";
			versionGroupType = wrapper.xcdatamodel;
		};
/* End XCVersionGroup section */
	};
	rootObject = D59D362D2433305800998793 /* Project object */;
}
