// !$*UTF8*$!
{
	archiveVersion = 1;
	classes = {
	};
	objectVersion = 50;
	objects = {

/* Begin PBXBuildFile section */
		D5888F01245820A100B53638 /* LocalFeedLoader.swift in Sources */ = {isa = PBXBuildFile; fileRef = D5888F00245820A100B53638 /* LocalFeedLoader.swift */; };
		D5888F032458215200B53638 /* FeedStore.swift in Sources */ = {isa = PBXBuildFile; fileRef = D5888F022458215200B53638 /* FeedStore.swift */; };
		D5888F052458570900B53638 /* RemoteFeedItem.swift in Sources */ = {isa = PBXBuildFile; fileRef = D5888F042458570900B53638 /* RemoteFeedItem.swift */; };
		D5888F072458576A00B53638 /* LocalFeedImage.swift in Sources */ = {isa = PBXBuildFile; fileRef = D5888F062458576A00B53638 /* LocalFeedImage.swift */; };
		D5890F7D244AFEDF00B37654 /* HTTPClient.swift in Sources */ = {isa = PBXBuildFile; fileRef = D5890F7C244AFEDF00B37654 /* HTTPClient.swift */; };
		D5890F7F244AFFB600B37654 /* FeedItemsMapper.swift in Sources */ = {isa = PBXBuildFile; fileRef = D5890F7E244AFFB600B37654 /* FeedItemsMapper.swift */; };
		D59D36402433305800998793 /* EssentialFeed.framework in Frameworks */ = {isa = PBXBuildFile; fileRef = D59D36362433305800998793 /* EssentialFeed.framework */; };
		D59D36472433305800998793 /* EssentialFeed.h in Headers */ = {isa = PBXBuildFile; fileRef = D59D36392433305800998793 /* EssentialFeed.h */; settings = {ATTRIBUTES = (Public, ); }; };
		D59D36512433309600998793 /* FeedImage.swift in Sources */ = {isa = PBXBuildFile; fileRef = D59D36502433309600998793 /* FeedImage.swift */; };
		D59D36552433326700998793 /* FeedLoader.swift in Sources */ = {isa = PBXBuildFile; fileRef = D59D36542433326700998793 /* FeedLoader.swift */; };
		D59D365824335C9F00998793 /* LoadFeedFromRemoteUseCaseTests.swift in Sources */ = {isa = PBXBuildFile; fileRef = D59D365724335C9F00998793 /* LoadFeedFromRemoteUseCaseTests.swift */; };
		D59D365B24346E1800998793 /* RemoteFeedLoader.swift in Sources */ = {isa = PBXBuildFile; fileRef = D59D365A24346E1800998793 /* RemoteFeedLoader.swift */; };
		D59ECD242450306C00A2BC70 /* URLSessionHTTPClientTests.swift in Sources */ = {isa = PBXBuildFile; fileRef = D59ECD232450306C00A2BC70 /* URLSessionHTTPClientTests.swift */; };
		D59ECD2724518A1800A2BC70 /* XCTestCase+MemoryLeakTracking.swift in Sources */ = {isa = PBXBuildFile; fileRef = D59ECD2624518A1800A2BC70 /* XCTestCase+MemoryLeakTracking.swift */; };
		D59ECD2924530A3700A2BC70 /* URLSessionHTTPClient.swift in Sources */ = {isa = PBXBuildFile; fileRef = D59ECD2824530A3700A2BC70 /* URLSessionHTTPClient.swift */; };
		D59ECD3124540A1700A2BC70 /* EssentialFeedAPIEndToEndTests.swift in Sources */ = {isa = PBXBuildFile; fileRef = D59ECD3024540A1700A2BC70 /* EssentialFeedAPIEndToEndTests.swift */; };
		D59ECD3324540A1700A2BC70 /* EssentialFeed.framework in Frameworks */ = {isa = PBXBuildFile; fileRef = D59D36362433305800998793 /* EssentialFeed.framework */; };
		D59ECD3924541C7600A2BC70 /* XCTestCase+MemoryLeakTracking.swift in Sources */ = {isa = PBXBuildFile; fileRef = D59ECD2624518A1800A2BC70 /* XCTestCase+MemoryLeakTracking.swift */; };
		D59F764424587B76009983A4 /* LoadFeedFromCacheUseCaseTests.swift in Sources */ = {isa = PBXBuildFile; fileRef = D59F764324587B76009983A4 /* LoadFeedFromCacheUseCaseTests.swift */; };
		D5E9A528245709FE000493E8 /* CacheFeedUseCaseTests.swift in Sources */ = {isa = PBXBuildFile; fileRef = D5E9A527245709FE000493E8 /* CacheFeedUseCaseTests.swift */; };
/* End PBXBuildFile section */

/* Begin PBXContainerItemProxy section */
		D59D36412433305800998793 /* PBXContainerItemProxy */ = {
			isa = PBXContainerItemProxy;
			containerPortal = D59D362D2433305800998793 /* Project object */;
			proxyType = 1;
			remoteGlobalIDString = D59D36352433305800998793;
			remoteInfo = EssentialFeed;
		};
		D59ECD3424540A1700A2BC70 /* PBXContainerItemProxy */ = {
			isa = PBXContainerItemProxy;
			containerPortal = D59D362D2433305800998793 /* Project object */;
			proxyType = 1;
			remoteGlobalIDString = D59D36352433305800998793;
			remoteInfo = EssentialFeed;
		};
/* End PBXContainerItemProxy section */

/* Begin PBXFileReference section */
		D5888F00245820A100B53638 /* LocalFeedLoader.swift */ = {isa = PBXFileReference; lastKnownFileType = sourcecode.swift; path = LocalFeedLoader.swift; sourceTree = "<group>"; };
		D5888F022458215200B53638 /* FeedStore.swift */ = {isa = PBXFileReference; lastKnownFileType = sourcecode.swift; path = FeedStore.swift; sourceTree = "<group>"; };
		D5888F042458570900B53638 /* RemoteFeedItem.swift */ = {isa = PBXFileReference; lastKnownFileType = sourcecode.swift; path = RemoteFeedItem.swift; sourceTree = "<group>"; };
		D5888F062458576A00B53638 /* LocalFeedImage.swift */ = {isa = PBXFileReference; lastKnownFileType = sourcecode.swift; path = LocalFeedImage.swift; sourceTree = "<group>"; };
		D5890F7C244AFEDF00B37654 /* HTTPClient.swift */ = {isa = PBXFileReference; lastKnownFileType = sourcecode.swift; path = HTTPClient.swift; sourceTree = "<group>"; };
		D5890F7E244AFFB600B37654 /* FeedItemsMapper.swift */ = {isa = PBXFileReference; lastKnownFileType = sourcecode.swift; path = FeedItemsMapper.swift; sourceTree = "<group>"; };
		D59D36362433305800998793 /* EssentialFeed.framework */ = {isa = PBXFileReference; explicitFileType = wrapper.framework; includeInIndex = 0; path = EssentialFeed.framework; sourceTree = BUILT_PRODUCTS_DIR; };
		D59D36392433305800998793 /* EssentialFeed.h */ = {isa = PBXFileReference; lastKnownFileType = sourcecode.c.h; path = EssentialFeed.h; sourceTree = "<group>"; };
		D59D363A2433305800998793 /* Info.plist */ = {isa = PBXFileReference; lastKnownFileType = text.plist.xml; path = Info.plist; sourceTree = "<group>"; };
		D59D363F2433305800998793 /* EssentialFeedTests.xctest */ = {isa = PBXFileReference; explicitFileType = wrapper.cfbundle; includeInIndex = 0; path = EssentialFeedTests.xctest; sourceTree = BUILT_PRODUCTS_DIR; };
		D59D36462433305800998793 /* Info.plist */ = {isa = PBXFileReference; lastKnownFileType = text.plist.xml; path = Info.plist; sourceTree = "<group>"; };
		D59D36502433309600998793 /* FeedImage.swift */ = {isa = PBXFileReference; lastKnownFileType = sourcecode.swift; path = FeedImage.swift; sourceTree = "<group>"; };
		D59D36542433326700998793 /* FeedLoader.swift */ = {isa = PBXFileReference; lastKnownFileType = sourcecode.swift; path = FeedLoader.swift; sourceTree = "<group>"; };
		D59D365724335C9F00998793 /* LoadFeedFromRemoteUseCaseTests.swift */ = {isa = PBXFileReference; lastKnownFileType = sourcecode.swift; path = LoadFeedFromRemoteUseCaseTests.swift; sourceTree = "<group>"; };
		D59D365A24346E1800998793 /* RemoteFeedLoader.swift */ = {isa = PBXFileReference; lastKnownFileType = sourcecode.swift; path = RemoteFeedLoader.swift; sourceTree = "<group>"; };
		D59ECD232450306C00A2BC70 /* URLSessionHTTPClientTests.swift */ = {isa = PBXFileReference; lastKnownFileType = sourcecode.swift; path = URLSessionHTTPClientTests.swift; sourceTree = "<group>"; };
		D59ECD2624518A1800A2BC70 /* XCTestCase+MemoryLeakTracking.swift */ = {isa = PBXFileReference; lastKnownFileType = sourcecode.swift; path = "XCTestCase+MemoryLeakTracking.swift"; sourceTree = "<group>"; };
		D59ECD2824530A3700A2BC70 /* URLSessionHTTPClient.swift */ = {isa = PBXFileReference; lastKnownFileType = sourcecode.swift; path = URLSessionHTTPClient.swift; sourceTree = "<group>"; };
		D59ECD2E24540A1600A2BC70 /* EssentialFeedAPIEndToEndTests.xctest */ = {isa = PBXFileReference; explicitFileType = wrapper.cfbundle; includeInIndex = 0; path = EssentialFeedAPIEndToEndTests.xctest; sourceTree = BUILT_PRODUCTS_DIR; };
		D59ECD3024540A1700A2BC70 /* EssentialFeedAPIEndToEndTests.swift */ = {isa = PBXFileReference; lastKnownFileType = sourcecode.swift; path = EssentialFeedAPIEndToEndTests.swift; sourceTree = "<group>"; };
		D59ECD3224540A1700A2BC70 /* Info.plist */ = {isa = PBXFileReference; lastKnownFileType = text.plist.xml; path = Info.plist; sourceTree = "<group>"; };
		D59F764324587B76009983A4 /* LoadFeedFromCacheUseCaseTests.swift */ = {isa = PBXFileReference; lastKnownFileType = sourcecode.swift; path = LoadFeedFromCacheUseCaseTests.swift; sourceTree = "<group>"; };
		D5E9A527245709FE000493E8 /* CacheFeedUseCaseTests.swift */ = {isa = PBXFileReference; lastKnownFileType = sourcecode.swift; path = CacheFeedUseCaseTests.swift; sourceTree = "<group>"; };
/* End PBXFileReference section */

/* Begin PBXFrameworksBuildPhase section */
		D59D36332433305800998793 /* Frameworks */ = {
			isa = PBXFrameworksBuildPhase;
			buildActionMask = 2147483647;
			files = (
			);
			runOnlyForDeploymentPostprocessing = 0;
		};
		D59D363C2433305800998793 /* Frameworks */ = {
			isa = PBXFrameworksBuildPhase;
			buildActionMask = 2147483647;
			files = (
				D59D36402433305800998793 /* EssentialFeed.framework in Frameworks */,
			);
			runOnlyForDeploymentPostprocessing = 0;
		};
		D59ECD2B24540A1600A2BC70 /* Frameworks */ = {
			isa = PBXFrameworksBuildPhase;
			buildActionMask = 2147483647;
			files = (
				D59ECD3324540A1700A2BC70 /* EssentialFeed.framework in Frameworks */,
			);
			runOnlyForDeploymentPostprocessing = 0;
		};
/* End PBXFrameworksBuildPhase section */

/* Begin PBXGroup section */
		D5888EFF2458208500B53638 /* Feed Cache */ = {
			isa = PBXGroup;
			children = (
				D5888F00245820A100B53638 /* LocalFeedLoader.swift */,
				D5888F022458215200B53638 /* FeedStore.swift */,
				D5888F062458576A00B53638 /* LocalFeedImage.swift */,
			);
			path = "Feed Cache";
			sourceTree = "<group>";
		};
		D5890F80244B45F100B37654 /* Feed API */ = {
			isa = PBXGroup;
			children = (
				D59D365724335C9F00998793 /* LoadFeedFromRemoteUseCaseTests.swift */,
				D59ECD232450306C00A2BC70 /* URLSessionHTTPClientTests.swift */,
			);
			path = "Feed API";
			sourceTree = "<group>";
		};
		D59D362C2433305800998793 = {
			isa = PBXGroup;
			children = (
				D59D36382433305800998793 /* EssentialFeed */,
				D59D36432433305800998793 /* EssentialFeedTests */,
				D59ECD2F24540A1700A2BC70 /* EssentialFeedAPIEndToEndTests */,
				D59D36372433305800998793 /* Products */,
			);
			sourceTree = "<group>";
		};
		D59D36372433305800998793 /* Products */ = {
			isa = PBXGroup;
			children = (
				D59D36362433305800998793 /* EssentialFeed.framework */,
				D59D363F2433305800998793 /* EssentialFeedTests.xctest */,
				D59ECD2E24540A1600A2BC70 /* EssentialFeedAPIEndToEndTests.xctest */,
			);
			name = Products;
			sourceTree = "<group>";
		};
		D59D36382433305800998793 /* EssentialFeed */ = {
			isa = PBXGroup;
			children = (
				D5888EFF2458208500B53638 /* Feed Cache */,
				D59D365924346DFA00998793 /* Feed API */,
				D59D36392433305800998793 /* EssentialFeed.h */,
				D59D363A2433305800998793 /* Info.plist */,
				D59D36562433338400998793 /* Feed Feature */,
			);
			path = EssentialFeed;
			sourceTree = "<group>";
		};
		D59D36432433305800998793 /* EssentialFeedTests */ = {
			isa = PBXGroup;
			children = (
				D59ECD25245189F900A2BC70 /* Helpers */,
				D5E9A526245709D2000493E8 /* Feed Cache */,
				D5890F80244B45F100B37654 /* Feed API */,
				D59D36462433305800998793 /* Info.plist */,
			);
			path = EssentialFeedTests;
			sourceTree = "<group>";
		};
		D59D36562433338400998793 /* Feed Feature */ = {
			isa = PBXGroup;
			children = (
				D59D36502433309600998793 /* FeedImage.swift */,
				D59D36542433326700998793 /* FeedLoader.swift */,
			);
			path = "Feed Feature";
			sourceTree = "<group>";
		};
		D59D365924346DFA00998793 /* Feed API */ = {
			isa = PBXGroup;
			children = (
				D59D365A24346E1800998793 /* RemoteFeedLoader.swift */,
				D5890F7E244AFFB600B37654 /* FeedItemsMapper.swift */,
				D5890F7C244AFEDF00B37654 /* HTTPClient.swift */,
				D59ECD2824530A3700A2BC70 /* URLSessionHTTPClient.swift */,
				D5888F042458570900B53638 /* RemoteFeedItem.swift */,
			);
			path = "Feed API";
			sourceTree = "<group>";
		};
		D59ECD25245189F900A2BC70 /* Helpers */ = {
			isa = PBXGroup;
			children = (
				D59ECD2624518A1800A2BC70 /* XCTestCase+MemoryLeakTracking.swift */,
			);
			path = Helpers;
			sourceTree = "<group>";
		};
		D59ECD2F24540A1700A2BC70 /* EssentialFeedAPIEndToEndTests */ = {
			isa = PBXGroup;
			children = (
				D59ECD3024540A1700A2BC70 /* EssentialFeedAPIEndToEndTests.swift */,
				D59ECD3224540A1700A2BC70 /* Info.plist */,
			);
			path = EssentialFeedAPIEndToEndTests;
			sourceTree = "<group>";
		};
		D5E9A526245709D2000493E8 /* Feed Cache */ = {
			isa = PBXGroup;
			children = (
				D5E9A527245709FE000493E8 /* CacheFeedUseCaseTests.swift */,
				D59F764324587B76009983A4 /* LoadFeedFromCacheUseCaseTests.swift */,
			);
			path = "Feed Cache";
			sourceTree = "<group>";
		};
/* End PBXGroup section */

/* Begin PBXHeadersBuildPhase section */
		D59D36312433305800998793 /* Headers */ = {
			isa = PBXHeadersBuildPhase;
			buildActionMask = 2147483647;
			files = (
				D59D36472433305800998793 /* EssentialFeed.h in Headers */,
			);
			runOnlyForDeploymentPostprocessing = 0;
		};
/* End PBXHeadersBuildPhase section */

/* Begin PBXNativeTarget section */
		D59D36352433305800998793 /* EssentialFeed */ = {
			isa = PBXNativeTarget;
			buildConfigurationList = D59D364A2433305800998793 /* Build configuration list for PBXNativeTarget "EssentialFeed" */;
			buildPhases = (
				D59D36312433305800998793 /* Headers */,
				D59D36322433305800998793 /* Sources */,
				D59D36332433305800998793 /* Frameworks */,
				D59D36342433305800998793 /* Resources */,
			);
			buildRules = (
			);
			dependencies = (
			);
			name = EssentialFeed;
			productName = EssentialFeed;
			productReference = D59D36362433305800998793 /* EssentialFeed.framework */;
			productType = "com.apple.product-type.framework";
		};
		D59D363E2433305800998793 /* EssentialFeedTests */ = {
			isa = PBXNativeTarget;
			buildConfigurationList = D59D364D2433305800998793 /* Build configuration list for PBXNativeTarget "EssentialFeedTests" */;
			buildPhases = (
				D59D363B2433305800998793 /* Sources */,
				D59D363C2433305800998793 /* Frameworks */,
				D59D363D2433305800998793 /* Resources */,
			);
			buildRules = (
			);
			dependencies = (
				D59D36422433305800998793 /* PBXTargetDependency */,
			);
			name = EssentialFeedTests;
			productName = EssentialFeedTests;
			productReference = D59D363F2433305800998793 /* EssentialFeedTests.xctest */;
			productType = "com.apple.product-type.bundle.unit-test";
		};
		D59ECD2D24540A1600A2BC70 /* EssentialFeedAPIEndToEndTests */ = {
			isa = PBXNativeTarget;
			buildConfigurationList = D59ECD3624540A1700A2BC70 /* Build configuration list for PBXNativeTarget "EssentialFeedAPIEndToEndTests" */;
			buildPhases = (
				D59ECD2A24540A1600A2BC70 /* Sources */,
				D59ECD2B24540A1600A2BC70 /* Frameworks */,
				D59ECD2C24540A1600A2BC70 /* Resources */,
			);
			buildRules = (
			);
			dependencies = (
				D59ECD3524540A1700A2BC70 /* PBXTargetDependency */,
			);
			name = EssentialFeedAPIEndToEndTests;
			productName = EssentialFeedAPIEndToEndTests;
			productReference = D59ECD2E24540A1600A2BC70 /* EssentialFeedAPIEndToEndTests.xctest */;
			productType = "com.apple.product-type.bundle.unit-test";
		};
/* End PBXNativeTarget section */

/* Begin PBXProject section */
		D59D362D2433305800998793 /* Project object */ = {
			isa = PBXProject;
			attributes = {
				LastSwiftUpdateCheck = 1130;
				LastUpgradeCheck = 1130;
				ORGANIZATIONNAME = Quikr;
				TargetAttributes = {
					D59D36352433305800998793 = {
						CreatedOnToolsVersion = 11.3.1;
						LastSwiftMigration = 1130;
					};
					D59D363E2433305800998793 = {
						CreatedOnToolsVersion = 11.3.1;
						LastSwiftMigration = 1130;
					};
					D59ECD2D24540A1600A2BC70 = {
						CreatedOnToolsVersion = 11.3.1;
					};
				};
			};
			buildConfigurationList = D59D36302433305800998793 /* Build configuration list for PBXProject "EssentialFeed" */;
			compatibilityVersion = "Xcode 9.3";
			developmentRegion = en;
			hasScannedForEncodings = 0;
			knownRegions = (
				en,
				Base,
			);
			mainGroup = D59D362C2433305800998793;
			productRefGroup = D59D36372433305800998793 /* Products */;
			projectDirPath = "";
			projectRoot = "";
			targets = (
				D59D36352433305800998793 /* EssentialFeed */,
				D59D363E2433305800998793 /* EssentialFeedTests */,
				D59ECD2D24540A1600A2BC70 /* EssentialFeedAPIEndToEndTests */,
			);
		};
/* End PBXProject section */

/* Begin PBXResourcesBuildPhase section */
		D59D36342433305800998793 /* Resources */ = {
			isa = PBXResourcesBuildPhase;
			buildActionMask = 2147483647;
			files = (
			);
			runOnlyForDeploymentPostprocessing = 0;
		};
		D59D363D2433305800998793 /* Resources */ = {
			isa = PBXResourcesBuildPhase;
			buildActionMask = 2147483647;
			files = (
			);
			runOnlyForDeploymentPostprocessing = 0;
		};
		D59ECD2C24540A1600A2BC70 /* Resources */ = {
			isa = PBXResourcesBuildPhase;
			buildActionMask = 2147483647;
			files = (
			);
			runOnlyForDeploymentPostprocessing = 0;
		};
/* End PBXResourcesBuildPhase section */

/* Begin PBXSourcesBuildPhase section */
		D59D36322433305800998793 /* Sources */ = {
			isa = PBXSourcesBuildPhase;
			buildActionMask = 2147483647;
			files = (
				D5890F7F244AFFB600B37654 /* FeedItemsMapper.swift in Sources */,
				D59D36552433326700998793 /* FeedLoader.swift in Sources */,
				D5888F052458570900B53638 /* RemoteFeedItem.swift in Sources */,
				D59D365B24346E1800998793 /* RemoteFeedLoader.swift in Sources */,
				D5888F072458576A00B53638 /* LocalFeedImage.swift in Sources */,
				D5888F032458215200B53638 /* FeedStore.swift in Sources */,
				D5888F01245820A100B53638 /* LocalFeedLoader.swift in Sources */,
				D5890F7D244AFEDF00B37654 /* HTTPClient.swift in Sources */,
				D59D36512433309600998793 /* FeedImage.swift in Sources */,
				D59ECD2924530A3700A2BC70 /* URLSessionHTTPClient.swift in Sources */,
			);
			runOnlyForDeploymentPostprocessing = 0;
		};
		D59D363B2433305800998793 /* Sources */ = {
			isa = PBXSourcesBuildPhase;
			buildActionMask = 2147483647;
			files = (
				D59D365824335C9F00998793 /* LoadFeedFromRemoteUseCaseTests.swift in Sources */,
				D59ECD242450306C00A2BC70 /* URLSessionHTTPClientTests.swift in Sources */,
				D5E9A528245709FE000493E8 /* CacheFeedUseCaseTests.swift in Sources */,
				D59F764424587B76009983A4 /* LoadFeedFromCacheUseCaseTests.swift in Sources */,
				D59ECD2724518A1800A2BC70 /* XCTestCase+MemoryLeakTracking.swift in Sources */,
			);
			runOnlyForDeploymentPostprocessing = 0;
		};
		D59ECD2A24540A1600A2BC70 /* Sources */ = {
			isa = PBXSourcesBuildPhase;
			buildActionMask = 2147483647;
			files = (
				D59ECD3124540A1700A2BC70 /* EssentialFeedAPIEndToEndTests.swift in Sources */,
				D59ECD3924541C7600A2BC70 /* XCTestCase+MemoryLeakTracking.swift in Sources */,
			);
			runOnlyForDeploymentPostprocessing = 0;
		};
/* End PBXSourcesBuildPhase section */

/* Begin PBXTargetDependency section */
		D59D36422433305800998793 /* PBXTargetDependency */ = {
			isa = PBXTargetDependency;
			target = D59D36352433305800998793 /* EssentialFeed */;
			targetProxy = D59D36412433305800998793 /* PBXContainerItemProxy */;
		};
		D59ECD3524540A1700A2BC70 /* PBXTargetDependency */ = {
			isa = PBXTargetDependency;
			target = D59D36352433305800998793 /* EssentialFeed */;
			targetProxy = D59ECD3424540A1700A2BC70 /* PBXContainerItemProxy */;
		};
/* End PBXTargetDependency section */

/* Begin XCBuildConfiguration section */
		D59D36482433305800998793 /* Debug */ = {
			isa = XCBuildConfiguration;
			buildSettings = {
				ALWAYS_SEARCH_USER_PATHS = NO;
				CLANG_ANALYZER_NONNULL = YES;
				CLANG_ANALYZER_NUMBER_OBJECT_CONVERSION = YES_AGGRESSIVE;
				CLANG_CXX_LANGUAGE_STANDARD = "gnu++14";
				CLANG_CXX_LIBRARY = "libc++";
				CLANG_ENABLE_MODULES = YES;
				CLANG_ENABLE_OBJC_ARC = YES;
				CLANG_ENABLE_OBJC_WEAK = YES;
				CLANG_WARN_BLOCK_CAPTURE_AUTORELEASING = YES;
				CLANG_WARN_BOOL_CONVERSION = YES;
				CLANG_WARN_COMMA = YES;
				CLANG_WARN_CONSTANT_CONVERSION = YES;
				CLANG_WARN_DEPRECATED_OBJC_IMPLEMENTATIONS = YES;
				CLANG_WARN_DIRECT_OBJC_ISA_USAGE = YES_ERROR;
				CLANG_WARN_DOCUMENTATION_COMMENTS = YES;
				CLANG_WARN_EMPTY_BODY = YES;
				CLANG_WARN_ENUM_CONVERSION = YES;
				CLANG_WARN_INFINITE_RECURSION = YES;
				CLANG_WARN_INT_CONVERSION = YES;
				CLANG_WARN_NON_LITERAL_NULL_CONVERSION = YES;
				CLANG_WARN_OBJC_IMPLICIT_RETAIN_SELF = YES;
				CLANG_WARN_OBJC_LITERAL_CONVERSION = YES;
				CLANG_WARN_OBJC_ROOT_CLASS = YES_ERROR;
				CLANG_WARN_RANGE_LOOP_ANALYSIS = YES;
				CLANG_WARN_STRICT_PROTOTYPES = YES;
				CLANG_WARN_SUSPICIOUS_MOVE = YES;
				CLANG_WARN_UNGUARDED_AVAILABILITY = YES_AGGRESSIVE;
				CLANG_WARN_UNREACHABLE_CODE = YES;
				CLANG_WARN__DUPLICATE_METHOD_MATCH = YES;
				COPY_PHASE_STRIP = NO;
				CURRENT_PROJECT_VERSION = 1;
				DEBUG_INFORMATION_FORMAT = dwarf;
				ENABLE_STRICT_OBJC_MSGSEND = YES;
				ENABLE_TESTABILITY = YES;
				GCC_C_LANGUAGE_STANDARD = gnu11;
				GCC_DYNAMIC_NO_PIC = NO;
				GCC_NO_COMMON_BLOCKS = YES;
				GCC_OPTIMIZATION_LEVEL = 0;
				GCC_PREPROCESSOR_DEFINITIONS = (
					"DEBUG=1",
					"$(inherited)",
				);
				GCC_WARN_64_TO_32_BIT_CONVERSION = YES;
				GCC_WARN_ABOUT_RETURN_TYPE = YES_ERROR;
				GCC_WARN_UNDECLARED_SELECTOR = YES;
				GCC_WARN_UNINITIALIZED_AUTOS = YES_AGGRESSIVE;
				GCC_WARN_UNUSED_FUNCTION = YES;
				GCC_WARN_UNUSED_VARIABLE = YES;
				MACOSX_DEPLOYMENT_TARGET = 10.14;
				MTL_ENABLE_DEBUG_INFO = INCLUDE_SOURCE;
				MTL_FAST_MATH = YES;
				ONLY_ACTIVE_ARCH = YES;
				SDKROOT = macosx;
				SWIFT_ACTIVE_COMPILATION_CONDITIONS = DEBUG;
				SWIFT_OPTIMIZATION_LEVEL = "-Onone";
				VERSIONING_SYSTEM = "apple-generic";
				VERSION_INFO_PREFIX = "";
			};
			name = Debug;
		};
		D59D36492433305800998793 /* Release */ = {
			isa = XCBuildConfiguration;
			buildSettings = {
				ALWAYS_SEARCH_USER_PATHS = NO;
				CLANG_ANALYZER_NONNULL = YES;
				CLANG_ANALYZER_NUMBER_OBJECT_CONVERSION = YES_AGGRESSIVE;
				CLANG_CXX_LANGUAGE_STANDARD = "gnu++14";
				CLANG_CXX_LIBRARY = "libc++";
				CLANG_ENABLE_MODULES = YES;
				CLANG_ENABLE_OBJC_ARC = YES;
				CLANG_ENABLE_OBJC_WEAK = YES;
				CLANG_WARN_BLOCK_CAPTURE_AUTORELEASING = YES;
				CLANG_WARN_BOOL_CONVERSION = YES;
				CLANG_WARN_COMMA = YES;
				CLANG_WARN_CONSTANT_CONVERSION = YES;
				CLANG_WARN_DEPRECATED_OBJC_IMPLEMENTATIONS = YES;
				CLANG_WARN_DIRECT_OBJC_ISA_USAGE = YES_ERROR;
				CLANG_WARN_DOCUMENTATION_COMMENTS = YES;
				CLANG_WARN_EMPTY_BODY = YES;
				CLANG_WARN_ENUM_CONVERSION = YES;
				CLANG_WARN_INFINITE_RECURSION = YES;
				CLANG_WARN_INT_CONVERSION = YES;
				CLANG_WARN_NON_LITERAL_NULL_CONVERSION = YES;
				CLANG_WARN_OBJC_IMPLICIT_RETAIN_SELF = YES;
				CLANG_WARN_OBJC_LITERAL_CONVERSION = YES;
				CLANG_WARN_OBJC_ROOT_CLASS = YES_ERROR;
				CLANG_WARN_RANGE_LOOP_ANALYSIS = YES;
				CLANG_WARN_STRICT_PROTOTYPES = YES;
				CLANG_WARN_SUSPICIOUS_MOVE = YES;
				CLANG_WARN_UNGUARDED_AVAILABILITY = YES_AGGRESSIVE;
				CLANG_WARN_UNREACHABLE_CODE = YES;
				CLANG_WARN__DUPLICATE_METHOD_MATCH = YES;
				COPY_PHASE_STRIP = NO;
				CURRENT_PROJECT_VERSION = 1;
				DEBUG_INFORMATION_FORMAT = "dwarf-with-dsym";
				ENABLE_NS_ASSERTIONS = NO;
				ENABLE_STRICT_OBJC_MSGSEND = YES;
				GCC_C_LANGUAGE_STANDARD = gnu11;
				GCC_NO_COMMON_BLOCKS = YES;
				GCC_WARN_64_TO_32_BIT_CONVERSION = YES;
				GCC_WARN_ABOUT_RETURN_TYPE = YES_ERROR;
				GCC_WARN_UNDECLARED_SELECTOR = YES;
				GCC_WARN_UNINITIALIZED_AUTOS = YES_AGGRESSIVE;
				GCC_WARN_UNUSED_FUNCTION = YES;
				GCC_WARN_UNUSED_VARIABLE = YES;
				MACOSX_DEPLOYMENT_TARGET = 10.14;
				MTL_ENABLE_DEBUG_INFO = NO;
				MTL_FAST_MATH = YES;
				SDKROOT = macosx;
				SWIFT_COMPILATION_MODE = wholemodule;
				SWIFT_OPTIMIZATION_LEVEL = "-O";
				VERSIONING_SYSTEM = "apple-generic";
				VERSION_INFO_PREFIX = "";
			};
			name = Release;
		};
		D59D364B2433305800998793 /* Debug */ = {
			isa = XCBuildConfiguration;
			buildSettings = {
				CLANG_ENABLE_MODULES = YES;
				CODE_SIGN_STYLE = Automatic;
				COMBINE_HIDPI_IMAGES = YES;
				DEFINES_MODULE = YES;
				DYLIB_COMPATIBILITY_VERSION = 1;
				DYLIB_CURRENT_VERSION = 1;
				DYLIB_INSTALL_NAME_BASE = "@rpath";
				INFOPLIST_FILE = EssentialFeed/Info.plist;
				INSTALL_PATH = "$(LOCAL_LIBRARY_DIR)/Frameworks";
				LD_RUNPATH_SEARCH_PATHS = (
					"$(inherited)",
					"@executable_path/../Frameworks",
					"@loader_path/Frameworks",
				);
				PRODUCT_BUNDLE_IDENTIFIER = com.EssentialFeed;
				PRODUCT_NAME = "$(TARGET_NAME:c99extidentifier)";
				SKIP_INSTALL = YES;
				SWIFT_OPTIMIZATION_LEVEL = "-Onone";
				SWIFT_VERSION = 5.0;
			};
			name = Debug;
		};
		D59D364C2433305800998793 /* Release */ = {
			isa = XCBuildConfiguration;
			buildSettings = {
				CLANG_ENABLE_MODULES = YES;
				CODE_SIGN_STYLE = Automatic;
				COMBINE_HIDPI_IMAGES = YES;
				DEFINES_MODULE = YES;
				DYLIB_COMPATIBILITY_VERSION = 1;
				DYLIB_CURRENT_VERSION = 1;
				DYLIB_INSTALL_NAME_BASE = "@rpath";
				INFOPLIST_FILE = EssentialFeed/Info.plist;
				INSTALL_PATH = "$(LOCAL_LIBRARY_DIR)/Frameworks";
				LD_RUNPATH_SEARCH_PATHS = (
					"$(inherited)",
					"@executable_path/../Frameworks",
					"@loader_path/Frameworks",
				);
				PRODUCT_BUNDLE_IDENTIFIER = com.EssentialFeed;
				PRODUCT_NAME = "$(TARGET_NAME:c99extidentifier)";
				SKIP_INSTALL = YES;
				SWIFT_VERSION = 5.0;
			};
			name = Release;
		};
		D59D364E2433305800998793 /* Debug */ = {
			isa = XCBuildConfiguration;
			buildSettings = {
				ALWAYS_EMBED_SWIFT_STANDARD_LIBRARIES = YES;
				CLANG_ENABLE_MODULES = YES;
				CODE_SIGN_STYLE = Automatic;
				COMBINE_HIDPI_IMAGES = YES;
				INFOPLIST_FILE = EssentialFeedTests/Info.plist;
				LD_RUNPATH_SEARCH_PATHS = (
					"$(inherited)",
					"@executable_path/../Frameworks",
					"@loader_path/../Frameworks",
				);
				PRODUCT_BUNDLE_IDENTIFIER = com.EssentialFeedTests;
				PRODUCT_NAME = "$(TARGET_NAME)";
				SWIFT_OPTIMIZATION_LEVEL = "-Onone";
				SWIFT_VERSION = 5.0;
			};
			name = Debug;
		};
		D59D364F2433305800998793 /* Release */ = {
			isa = XCBuildConfiguration;
			buildSettings = {
				ALWAYS_EMBED_SWIFT_STANDARD_LIBRARIES = YES;
				CLANG_ENABLE_MODULES = YES;
				CODE_SIGN_STYLE = Automatic;
				COMBINE_HIDPI_IMAGES = YES;
				INFOPLIST_FILE = EssentialFeedTests/Info.plist;
				LD_RUNPATH_SEARCH_PATHS = (
					"$(inherited)",
					"@executable_path/../Frameworks",
					"@loader_path/../Frameworks",
				);
				PRODUCT_BUNDLE_IDENTIFIER = com.EssentialFeedTests;
				PRODUCT_NAME = "$(TARGET_NAME)";
				SWIFT_VERSION = 5.0;
			};
			name = Release;
		};
		D59ECD3724540A1700A2BC70 /* Debug */ = {
			isa = XCBuildConfiguration;
			buildSettings = {
				CODE_SIGN_STYLE = Automatic;
				COMBINE_HIDPI_IMAGES = YES;
				INFOPLIST_FILE = EssentialFeedAPIEndToEndTests/Info.plist;
				LD_RUNPATH_SEARCH_PATHS = (
					"$(inherited)",
					"@executable_path/../Frameworks",
					"@loader_path/../Frameworks",
				);
				PRODUCT_BUNDLE_IDENTIFIER = com.EssentialFeedAPIEndToEndTests;
				PRODUCT_NAME = "$(TARGET_NAME)";
				SWIFT_VERSION = 5.0;
			};
			name = Debug;
		};
		D59ECD3824540A1700A2BC70 /* Release */ = {
			isa = XCBuildConfiguration;
			buildSettings = {
				CODE_SIGN_STYLE = Automatic;
				COMBINE_HIDPI_IMAGES = YES;
				INFOPLIST_FILE = EssentialFeedAPIEndToEndTests/Info.plist;
				LD_RUNPATH_SEARCH_PATHS = (
					"$(inherited)",
					"@executable_path/../Frameworks",
					"@loader_path/../Frameworks",
				);
				PRODUCT_BUNDLE_IDENTIFIER = com.EssentialFeedAPIEndToEndTests;
				PRODUCT_NAME = "$(TARGET_NAME)";
				SWIFT_VERSION = 5.0;
			};
			name = Release;
		};
/* End XCBuildConfiguration section */

/* Begin XCConfigurationList section */
		D59D36302433305800998793 /* Build configuration list for PBXProject "EssentialFeed" */ = {
			isa = XCConfigurationList;
			buildConfigurations = (
				D59D36482433305800998793 /* Debug */,
				D59D36492433305800998793 /* Release */,
			);
			defaultConfigurationIsVisible = 0;
			defaultConfigurationName = Release;
		};
		D59D364A2433305800998793 /* Build configuration list for PBXNativeTarget "EssentialFeed" */ = {
			isa = XCConfigurationList;
			buildConfigurations = (
				D59D364B2433305800998793 /* Debug */,
				D59D364C2433305800998793 /* Release */,
			);
			defaultConfigurationIsVisible = 0;
			defaultConfigurationName = Release;
		};
		D59D364D2433305800998793 /* Build configuration list for PBXNativeTarget "EssentialFeedTests" */ = {
			isa = XCConfigurationList;
			buildConfigurations = (
				D59D364E2433305800998793 /* Debug */,
				D59D364F2433305800998793 /* Release */,
			);
			defaultConfigurationIsVisible = 0;
			defaultConfigurationName = Release;
		};
		D59ECD3624540A1700A2BC70 /* Build configuration list for PBXNativeTarget "EssentialFeedAPIEndToEndTests" */ = {
			isa = XCConfigurationList;
			buildConfigurations = (
				D59ECD3724540A1700A2BC70 /* Debug */,
				D59ECD3824540A1700A2BC70 /* Release */,
			);
			defaultConfigurationIsVisible = 0;
			defaultConfigurationName = Release;
		};
/* End XCConfigurationList section */
	};
	rootObject = D59D362D2433305800998793 /* Project object */;
}
